// !$*UTF8*$!
{
	archiveVersion = 1;
	classes = {
	};
	objectVersion = 46;
	objects = {

/* Begin PBXBuildFile section */
		3C63608E26B96AE200FADE5D /* TestScheduler+AdvanceBy.swift in Sources */ = {isa = PBXBuildFile; fileRef = 3C63608D26B96AE200FADE5D /* TestScheduler+AdvanceBy.swift */; };
		42FAE85D26123D85005E6500 /* BluetoothConnectionObjC.framework in Frameworks */ = {isa = PBXBuildFile; fileRef = 42FAE85C26123D85005E6500 /* BluetoothConnectionObjC.framework */; };
		4830C6BD221F60D100AFF465 /* Starscream.framework in Frameworks */ = {isa = PBXBuildFile; fileRef = 48A8109D220E48F80067A593 /* Starscream.framework */; };
		48A80FC4220E07690067A593 /* GoldenGate.framework in Frameworks */ = {isa = PBXBuildFile; fileRef = 48A80FBB220E07680067A593 /* GoldenGate.framework */; };
		48A80FD2220E07E40067A593 /* GGAdaptable.swift in Sources */ = {isa = PBXBuildFile; fileRef = 6DCD2E081F9E30BA004919AC /* GGAdaptable.swift */; };
		48A80FD3220E07E40067A593 /* GGAdapter.swift in Sources */ = {isa = PBXBuildFile; fileRef = 6DCD2DF81F9E2E76004919AC /* GGAdapter.swift */; };
		48A80FD4220E07E40067A593 /* GGErrorType.swift in Sources */ = {isa = PBXBuildFile; fileRef = 6DAE29081FC5DE7F00DB872B /* GGErrorType.swift */; };
		48A80FD5220E07EB0067A593 /* GGAdaptableSpec.swift in Sources */ = {isa = PBXBuildFile; fileRef = 6D7EBC671FD992D100913C10 /* GGAdaptableSpec.swift */; };
		48A80FD6220E07EB0067A593 /* GGAdapterSpec.swift in Sources */ = {isa = PBXBuildFile; fileRef = 6D3C92411FD80F93006E9551 /* GGAdapterSpec.swift */; };
		48A80FD7220E07EB0067A593 /* GGErrorTypeSpec.swift in Sources */ = {isa = PBXBuildFile; fileRef = 6D3C923E1FD80CEF006E9551 /* GGErrorTypeSpec.swift */; };
		48A80FD8220E08040067A593 /* CoapBlockwiseResponseListener.swift in Sources */ = {isa = PBXBuildFile; fileRef = 6D529B6E20BECC2E00649FFB /* CoapBlockwiseResponseListener.swift */; };
		48A80FD9220E08040067A593 /* CoapCode.swift in Sources */ = {isa = PBXBuildFile; fileRef = BF0408F91FCEBA6600D875BA /* CoapCode.swift */; };
		48A80FDA220E08040067A593 /* CoapEndpoint.swift in Sources */ = {isa = PBXBuildFile; fileRef = BF0408FD1FCEBA6600D875BA /* CoapEndpoint.swift */; };
		48A80FDB220E08040067A593 /* CoapMessage.swift in Sources */ = {isa = PBXBuildFile; fileRef = 6D529B7120BEDB0300649FFB /* CoapMessage.swift */; };
		48A80FDC220E08040067A593 /* CoapMessageOptionParam.swift in Sources */ = {isa = PBXBuildFile; fileRef = BF0409371FCED3B600D875BA /* CoapMessageOptionParam.swift */; };
		48A80FDD220E08040067A593 /* CoapMessageType.swift in Sources */ = {isa = PBXBuildFile; fileRef = 6D529B5F20BE0C2C00649FFB /* CoapMessageType.swift */; };
		48A80FDE220E08040067A593 /* CoapOption.swift in Sources */ = {isa = PBXBuildFile; fileRef = BF0408FC1FCEBA6600D875BA /* CoapOption.swift */; };
		48A80FDF220E08040067A593 /* CoapOutgoingBody.swift in Sources */ = {isa = PBXBuildFile; fileRef = 6D529B5120BDB4FB00649FFB /* CoapOutgoingBody.swift */; };
		48A80FE0220E08040067A593 /* CoapRequest.swift in Sources */ = {isa = PBXBuildFile; fileRef = 6D529B5920BE00F300649FFB /* CoapRequest.swift */; };
		48A80FE1220E08040067A593 /* CoapRequestBuilder.swift in Sources */ = {isa = PBXBuildFile; fileRef = 6D529B4B20BD94B300649FFB /* CoapRequestBuilder.swift */; };
		48A80FE2220E08040067A593 /* CoapRequestHandler.swift in Sources */ = {isa = PBXBuildFile; fileRef = BF0408FA1FCEBA6600D875BA /* CoapRequestHandler.swift */; };
		48A80FE3220E08040067A593 /* CoapResourceHandler.swift in Sources */ = {isa = PBXBuildFile; fileRef = 6D0850ED20D3EA0700492C50 /* CoapResourceHandler.swift */; };
		48A80FE4220E08040067A593 /* CoapResponseBuilder.swift in Sources */ = {isa = PBXBuildFile; fileRef = 6D529B4E20BD972A00649FFB /* CoapResponseBuilder.swift */; };
		48A80FE5220E08040067A593 /* CoapResponseListener.swift in Sources */ = {isa = PBXBuildFile; fileRef = BF0408FB1FCEBA6600D875BA /* CoapResponseListener.swift */; };
		48A80FE6220E08040067A593 /* CoapServer+Request.swift in Sources */ = {isa = PBXBuildFile; fileRef = 6D0850F020D3ED2800492C50 /* CoapServer+Request.swift */; };
		48A80FE7220E08040067A593 /* CoapServer+Response.swift in Sources */ = {isa = PBXBuildFile; fileRef = 6D529B6520BE0F5A00649FFB /* CoapServer+Response.swift */; };
		48A80FE8220E08040067A593 /* CoapStaticBlockSource.swift in Sources */ = {isa = PBXBuildFile; fileRef = 6D94015720C1475400DC05E5 /* CoapStaticBlockSource.swift */; };
		48A80FE9220E08040067A593 /* CoapStaticMessageBody.swift in Sources */ = {isa = PBXBuildFile; fileRef = 6D529B7420BEEE6500649FFB /* CoapStaticMessageBody.swift */; };
		48A80FEA220E08040067A593 /* RawCoapMessage.swift in Sources */ = {isa = PBXBuildFile; fileRef = BFB4B9DB1FDFDC04005EA291 /* RawCoapMessage.swift */; };
		48A80FEB220E08150067A593 /* GGEvent.swift in Sources */ = {isa = PBXBuildFile; fileRef = 6D131846206B8ED8002AA4C8 /* GGEvent.swift */; };
		48A80FEC220E08150067A593 /* GGEventListener.swift in Sources */ = {isa = PBXBuildFile; fileRef = BF4C1500213D37C0005B702D /* GGEventListener.swift */; };
		48A80FED220E08150067A593 /* GGFourCharCode.swift in Sources */ = {isa = PBXBuildFile; fileRef = 6D131843206B8D89002AA4C8 /* GGFourCharCode.swift */; };
		48A80FEE220E08150067A593 /* UnsafeHeapAllocatedValue.swift in Sources */ = {isa = PBXBuildFile; fileRef = 48EC83AB20C1CC300089E247 /* UnsafeHeapAllocatedValue.swift */; };
		48A8100F220E08410067A593 /* GoldenGateLogger.swift in Sources */ = {isa = PBXBuildFile; fileRef = 489DC0521FBFA87F008B4F5E /* GoldenGateLogger.swift */; };
		48A81010220E08410067A593 /* Log.swift in Sources */ = {isa = PBXBuildFile; fileRef = 489DC09B1FC3BCE8008B4F5E /* Log.swift */; };
		48A81011220E08410067A593 /* Log+Rx.swift in Sources */ = {isa = PBXBuildFile; fileRef = BF143C2F1FD9A00600183AE0 /* Log+Rx.swift */; };
		48A81012220E08410067A593 /* Logger.swift in Sources */ = {isa = PBXBuildFile; fileRef = 489DC0301FBFA7B9008B4F5E /* Logger.swift */; };
		48A81013220E08410067A593 /* LogHandler.swift in Sources */ = {isa = PBXBuildFile; fileRef = 489DC08E1FBFEC4A008B4F5E /* LogHandler.swift */; };
		48A81014220E08480067A593 /* RunLoop.swift in Sources */ = {isa = PBXBuildFile; fileRef = 6DCD2E421F9F665B004919AC /* RunLoop.swift */; };
		48A81015220E08480067A593 /* RunLoop+Assert.swift in Sources */ = {isa = PBXBuildFile; fileRef = 6D7BC9482063B8670039A371 /* RunLoop+Assert.swift */; };
		48A81016220E08480067A593 /* RunLoop+Invocation.swift in Sources */ = {isa = PBXBuildFile; fileRef = 6D7BC9452063B7BC0039A371 /* RunLoop+Invocation.swift */; };
		48A81017220E08480067A593 /* RunLoop+Ownership.swift in Sources */ = {isa = PBXBuildFile; fileRef = 6D7BC94B2063B98C0039A371 /* RunLoop+Ownership.swift */; };
		48A81018220E08480067A593 /* RunLoop+Rx.swift in Sources */ = {isa = PBXBuildFile; fileRef = BF0409181FCED1F000D875BA /* RunLoop+Rx.swift */; };
		48A81019220E08480067A593 /* RunLoop+Timer.swift in Sources */ = {isa = PBXBuildFile; fileRef = 6D7BC9422063B78F0039A371 /* RunLoop+Timer.swift */; };
		48A8101D220E085D0067A593 /* DtlsOptions.swift in Sources */ = {isa = PBXBuildFile; fileRef = 6DAB3D9820743CCC0056173A /* DtlsOptions.swift */; };
		48A8101E220E085D0067A593 /* IpAddress.swift in Sources */ = {isa = PBXBuildFile; fileRef = 6D131849206BA9C6002AA4C8 /* IpAddress.swift */; };
		48A81023220E085D0067A593 /* SecureDatagramClient.swift in Sources */ = {isa = PBXBuildFile; fileRef = 6D5392C41FEBD1820059C3B3 /* SecureDatagramClient.swift */; };
		48A81024220E085D0067A593 /* SecureDatagramServer.swift in Sources */ = {isa = PBXBuildFile; fileRef = 6DAB3D9520743C9E0056173A /* SecureDatagramServer.swift */; };
		48A81025220E085D0067A593 /* SocketAddress.swift in Sources */ = {isa = PBXBuildFile; fileRef = 6DB1BB9B1FD0335200192B6E /* SocketAddress.swift */; };
		48A81026220E085D0067A593 /* TlsKeyResolver.swift in Sources */ = {isa = PBXBuildFile; fileRef = 6D5392C71FEBEDE40059C3B3 /* TlsKeyResolver.swift */; };
		48A81035220E08A20067A593 /* DtlsProtocolState.swift in Sources */ = {isa = PBXBuildFile; fileRef = BF4C155F213D9EBA005B702D /* DtlsProtocolState.swift */; };
		48A81036220E08A20067A593 /* GattlinkParameters.swift in Sources */ = {isa = PBXBuildFile; fileRef = 6D131852206BE8B5002AA4C8 /* GattlinkParameters.swift */; };
		48A81037220E08A20067A593 /* Stack.swift in Sources */ = {isa = PBXBuildFile; fileRef = 6D7BC9582063F8B30039A371 /* Stack.swift */; };
		48A81038220E08A20067A593 /* StackConfiguration.swift in Sources */ = {isa = PBXBuildFile; fileRef = 6D13184F206BE6FC002AA4C8 /* StackConfiguration.swift */; };
		48A8103A220E08A20067A593 /* StackElementId.swift in Sources */ = {isa = PBXBuildFile; fileRef = 6D131855206BE914002AA4C8 /* StackElementId.swift */; };
		48A8103B220E08A20067A593 /* StackElementType.swift in Sources */ = {isa = PBXBuildFile; fileRef = 6D9484FC20775BFC0096FD0C /* StackElementType.swift */; };
		48A8103C220E08A20067A593 /* StackPortId.swift in Sources */ = {isa = PBXBuildFile; fileRef = 6D13185B206C02A0002AA4C8 /* StackPortId.swift */; };
		48A8103E220E08AB0067A593 /* GGBsdDatagramSocket.swift in Sources */ = {isa = PBXBuildFile; fileRef = 6DD36D8620CBF41D00CB3B21 /* GGBsdDatagramSocket.swift */; };
		48A8103F220E08AB0067A593 /* PerfDataSink.swift in Sources */ = {isa = PBXBuildFile; fileRef = BFE757D2200CC466003D49E0 /* PerfDataSink.swift */; };
		48A8104C220E09090067A593 /* CoapClientService.swift in Sources */ = {isa = PBXBuildFile; fileRef = FD51255521807614005A7B37 /* CoapClientService.swift */; };
		48A8104D220E09090067A593 /* CoapTestService.swift in Sources */ = {isa = PBXBuildFile; fileRef = FD56580D219AF63200C91C29 /* CoapTestService.swift */; };
		48A8104E220E09090067A593 /* GGPeer.swift in Sources */ = {isa = PBXBuildFile; fileRef = 6DEDA417207DEBD2008861F5 /* GGPeer.swift */; };
		48A81053220E09090067A593 /* ServiceDescriptor+GG.swift in Sources */ = {isa = PBXBuildFile; fileRef = 6DEDA41B207DECCE008861F5 /* ServiceDescriptor+GG.swift */; };
		48A81054220E09120067A593 /* GoldenGateInitializer.swift in Sources */ = {isa = PBXBuildFile; fileRef = 489DC0631FBFCC6E008B4F5E /* GoldenGateInitializer.swift */; };
		48A81055220E09120067A593 /* GoldenGateVersion.swift in Sources */ = {isa = PBXBuildFile; fileRef = 6D13184020696F45002AA4C8 /* GoldenGateVersion.swift */; };
		48A81056220E095D0067A593 /* CoapMessageBuilder.swift in Sources */ = {isa = PBXBuildFile; fileRef = BF00AE8B207393A100B00C3E /* CoapMessageBuilder.swift */; };
		48A81060220E0CA30067A593 /* CoapBlockwiseResponseListenerSpec.swift in Sources */ = {isa = PBXBuildFile; fileRef = 6D529B7720BF199100649FFB /* CoapBlockwiseResponseListenerSpec.swift */; };
		48A81061220E0CA30067A593 /* CoapCodeSpec.swift in Sources */ = {isa = PBXBuildFile; fileRef = 48EDBE092171B2800057B7B3 /* CoapCodeSpec.swift */; };
		48A81062220E0CA30067A593 /* CoapEndpointSpec.swift in Sources */ = {isa = PBXBuildFile; fileRef = 6DD36D7520C7D87000CB3B21 /* CoapEndpointSpec.swift */; };
		48A81063220E0CA30067A593 /* CoapMessageOptionParamSpec.swift in Sources */ = {isa = PBXBuildFile; fileRef = 6DB124DB20BFD97300DE91CB /* CoapMessageOptionParamSpec.swift */; };
		48A81064220E0CA30067A593 /* CoapRequestBuilderSpec.swift in Sources */ = {isa = PBXBuildFile; fileRef = 6D529B5420BDEB5600649FFB /* CoapRequestBuilderSpec.swift */; };
		48A81065220E0CA30067A593 /* CoapResponseBuilderSpec.swift in Sources */ = {isa = PBXBuildFile; fileRef = BFA6A33220739CAE007E5D3E /* CoapResponseBuilderSpec.swift */; };
		48A81066220E0CA30067A593 /* CoapResponseListenerSpec.swift in Sources */ = {isa = PBXBuildFile; fileRef = 48EDBE0C2171C8F60057B7B3 /* CoapResponseListenerSpec.swift */; };
		48A81067220E0CA30067A593 /* CoapStaticBlockSourceSpec.swift in Sources */ = {isa = PBXBuildFile; fileRef = 6D94016020C16E5100DC05E5 /* CoapStaticBlockSourceSpec.swift */; };
		48A81068220E0CA30067A593 /* CoapStreamingMessageBodySpec.swift in Sources */ = {isa = PBXBuildFile; fileRef = FD09E03721F22A6100BBD13A /* CoapStreamingMessageBodySpec.swift */; };
		48A81069220E0CA30067A593 /* RawCoapMessageSpec.swift in Sources */ = {isa = PBXBuildFile; fileRef = 6D529B6820BE1E7D00649FFB /* RawCoapMessageSpec.swift */; };
		48A8106D220E0CB60067A593 /* BufferSpec.swift in Sources */ = {isa = PBXBuildFile; fileRef = 6D529A442091AE9500649FFB /* BufferSpec.swift */; };
		48A81071220E0CBF0067A593 /* RunLoopSpec.swift in Sources */ = {isa = PBXBuildFile; fileRef = 6D3C92391FD80B86006E9551 /* RunLoopSpec.swift */; };
		48A81078220E0CCE0067A593 /* SocketAddressSpec.swift in Sources */ = {isa = PBXBuildFile; fileRef = 6D41E10320CED8FC00CAC73D /* SocketAddressSpec.swift */; };
		48A81088220E0D090067A593 /* GGBsdDatagramSocketSpec.swift in Sources */ = {isa = PBXBuildFile; fileRef = 6D41E10620D0042D00CAC73D /* GGBsdDatagramSocketSpec.swift */; };
		48A8108A220E0D1E0067A593 /* GoldenGatePrincipalClass.swift in Sources */ = {isa = PBXBuildFile; fileRef = 6D3C92471FD82B60006E9551 /* GoldenGatePrincipalClass.swift */; };
		48A81094220E48A60067A593 /* RxSwift.framework in Frameworks */ = {isa = PBXBuildFile; fileRef = 48A81093220E48A60067A593 /* RxSwift.framework */; };
		48A81096220E48A60067A593 /* RxCocoa.framework in Frameworks */ = {isa = PBXBuildFile; fileRef = 48A81095220E48A60067A593 /* RxCocoa.framework */; };
		48A81098220E48BD0067A593 /* RxBluetoothKit.framework in Frameworks */ = {isa = PBXBuildFile; fileRef = 48A81097220E48BD0067A593 /* RxBluetoothKit.framework */; };
		48A810A3220E49640067A593 /* Nimble.framework in Frameworks */ = {isa = PBXBuildFile; fileRef = 48A810A2220E49640067A593 /* Nimble.framework */; };
		48A810A5220E496F0067A593 /* Quick.framework in Frameworks */ = {isa = PBXBuildFile; fileRef = 48A810A4220E496F0067A593 /* Quick.framework */; };
		48A810A7220E497F0067A593 /* RxSwift.framework in Frameworks */ = {isa = PBXBuildFile; fileRef = 48A810A6220E497F0067A593 /* RxSwift.framework */; };
		48A810A9220E497F0067A593 /* RxCocoa.framework in Frameworks */ = {isa = PBXBuildFile; fileRef = 48A810A8220E497F0067A593 /* RxCocoa.framework */; };
		48A810AD220E49AB0067A593 /* RxTest.framework in Frameworks */ = {isa = PBXBuildFile; fileRef = 48A810AC220E49AB0067A593 /* RxTest.framework */; };
		48A810B0220E50DB0067A593 /* GoldenGate.h in Headers */ = {isa = PBXBuildFile; fileRef = BF3E74AD1F755DB9009FA8FF /* GoldenGate.h */; settings = {ATTRIBUTES = (Public, ); }; };
		48A810B3220E52190067A593 /* RxBlocking.framework in Frameworks */ = {isa = PBXBuildFile; fileRef = 48A810B2220E52190067A593 /* RxBlocking.framework */; };
		48A810D9220E6C630067A593 /* GoldenGateXP.framework in Frameworks */ = {isa = PBXBuildFile; fileRef = AC8253C521EFBD02005B8DC1 /* GoldenGateXP.framework */; };
		48A810DD220E71830067A593 /* BlasterService.swift in Sources */ = {isa = PBXBuildFile; fileRef = 48A810DC220E71830067A593 /* BlasterService.swift */; };
		48AE718022820EBF00DE90AD /* RxRelay.framework in Frameworks */ = {isa = PBXBuildFile; fileRef = 48AE717F22820EBF00DE90AD /* RxRelay.framework */; };
		48AE718222820ECD00DE90AD /* RxRelay.framework in Frameworks */ = {isa = PBXBuildFile; fileRef = 48AE718122820ECD00DE90AD /* RxRelay.framework */; };
		751A7A942328FF6800087BFB /* Log+Bindings.swift in Sources */ = {isa = PBXBuildFile; fileRef = 751A7A932328FF6800087BFB /* Log+Bindings.swift */; };
		751A7A962328FF7500087BFB /* Log+Bluetooth.swift in Sources */ = {isa = PBXBuildFile; fileRef = 751A7A952328FF7500087BFB /* Log+Bluetooth.swift */; };
		755F34C424C6E23500877754 /* BluetoothConnection.framework in Frameworks */ = {isa = PBXBuildFile; fileRef = FDC76775248F608100855742 /* BluetoothConnection.framework */; };
		75610D90254B25D8001E2BE5 /* GoldenGateVersionSpec.swift in Sources */ = {isa = PBXBuildFile; fileRef = 48EDBE06217118680057B7B3 /* GoldenGateVersionSpec.swift */; };
		757DC62824CF3C0D002FFE52 /* CoapPlaygroundViewController.swift in Sources */ = {isa = PBXBuildFile; fileRef = 757DC62724CF3C0C002FFE52 /* CoapPlaygroundViewController.swift */; };
		757DC62A24CF3CFE002FFE52 /* BlastingPlaygroundViewController.swift in Sources */ = {isa = PBXBuildFile; fileRef = 757DC62924CF3CFD002FFE52 /* BlastingPlaygroundViewController.swift */; };
		75A646C52488E74F00B47E0A /* StackDescriptor+GG.swift in Sources */ = {isa = PBXBuildFile; fileRef = 75A646C42488E74F00B47E0A /* StackDescriptor+GG.swift */; };
		75A9289F240599840018C88B /* CaseIterable+AllUniqueRawValues.swift in Sources */ = {isa = PBXBuildFile; fileRef = 75A9289E240599840018C88B /* CaseIterable+AllUniqueRawValues.swift */; };
		75D399F12578FDCD0028BD1D /* Starscream.framework in Frameworks */ = {isa = PBXBuildFile; fileRef = 75D399F02578FDCD0028BD1D /* Starscream.framework */; };
		AF8F0940224281D300FF5604 /* GGCoapRequestParameters.swift in Sources */ = {isa = PBXBuildFile; fileRef = AF8F093F224281D300FF5604 /* GGCoapRequestParameters.swift */; };
		FD3B0627234F62C700A92603 /* Rxbit.framework in Frameworks */ = {isa = PBXBuildFile; fileRef = FD3B0626234F62C700A92603 /* Rxbit.framework */; };
		FD6FB79C22A9015F000EFB76 /* CoapGroupRequestFilter.swift in Sources */ = {isa = PBXBuildFile; fileRef = FD6FB79B22A9015F000EFB76 /* CoapGroupRequestFilter.swift */; };
		FDBE5B8F2628457D00EFAB58 /* Node+NetworkLink.swift in Sources */ = {isa = PBXBuildFile; fileRef = FDBE5B822628457D00EFAB58 /* Node+NetworkLink.swift */; };
		FDBE5B912628457D00EFAB58 /* NodeConnection.swift in Sources */ = {isa = PBXBuildFile; fileRef = FDBE5B842628457D00EFAB58 /* NodeConnection.swift */; };
		FDBE5B922628457D00EFAB58 /* Node.swift in Sources */ = {isa = PBXBuildFile; fileRef = FDBE5B852628457D00EFAB58 /* Node.swift */; };
		FDBE5B932628457D00EFAB58 /* HubConnection.swift in Sources */ = {isa = PBXBuildFile; fileRef = FDBE5B872628457D00EFAB58 /* HubConnection.swift */; };
		FDBE5B942628457D00EFAB58 /* Hub+NetworkLink.swift in Sources */ = {isa = PBXBuildFile; fileRef = FDBE5B882628457D00EFAB58 /* Hub+NetworkLink.swift */; };
		FDBE5B982628457D00EFAB58 /* Hub.swift in Sources */ = {isa = PBXBuildFile; fileRef = FDBE5B8D2628457D00EFAB58 /* Hub.swift */; };
		FDBE5B992628457D00EFAB58 /* Hub+LinkStatusService.swift in Sources */ = {isa = PBXBuildFile; fileRef = FDBE5B8E2628457D00EFAB58 /* Hub+LinkStatusService.swift */; };
		FDBE5C1D2628493C00EFAB58 /* ServiceMock.swift in Sources */ = {isa = PBXBuildFile; fileRef = FDBE5C132628493500EFAB58 /* ServiceMock.swift */; };
		FDBE5C202628494100EFAB58 /* CharacteristicMock.swift in Sources */ = {isa = PBXBuildFile; fileRef = FDBE5C142628493500EFAB58 /* CharacteristicMock.swift */; };
		FDBE5C212628494100EFAB58 /* CentralManagerMock.swift in Sources */ = {isa = PBXBuildFile; fileRef = FDBE5C152628493500EFAB58 /* CentralManagerMock.swift */; };
		FDBE5C222628494100EFAB58 /* PeripheralMock.swift in Sources */ = {isa = PBXBuildFile; fileRef = FDBE5C162628493500EFAB58 /* PeripheralMock.swift */; };
		FDBE5C252628496200EFAB58 /* HubSpec.swift in Sources */ = {isa = PBXBuildFile; fileRef = FDBE5B8C2628457D00EFAB58 /* HubSpec.swift */; };
		FDC76776248F608100855742 /* BluetoothConnection.framework in Frameworks */ = {isa = PBXBuildFile; fileRef = FDC76775248F608100855742 /* BluetoothConnection.framework */; };
		FDD7D9C224869F5E00FEE9D0 /* DataSink+XP.swift in Sources */ = {isa = PBXBuildFile; fileRef = FDD7D9C124869F5E00FEE9D0 /* DataSink+XP.swift */; };
		FDE446F62363254E00BD8E34 /* Rxbit.framework in Frameworks */ = {isa = PBXBuildFile; fileRef = FD3B0626234F62C700A92603 /* Rxbit.framework */; };
		FDE588522486A8F80095B8AA /* Buffer+XP.swift in Sources */ = {isa = PBXBuildFile; fileRef = FDE588512486A8F80095B8AA /* Buffer+XP.swift */; };
		FDE58856248793CB0095B8AA /* DataSinkListener+XP.swift in Sources */ = {isa = PBXBuildFile; fileRef = FDE58855248793CB0095B8AA /* DataSinkListener+XP.swift */; };
		FDE5885A2487955B0095B8AA /* DataSource+XP.swift in Sources */ = {isa = PBXBuildFile; fileRef = FDE588592487955B0095B8AA /* DataSource+XP.swift */; };
/* End PBXBuildFile section */

/* Begin PBXContainerItemProxy section */
		48A80FC5220E07690067A593 /* PBXContainerItemProxy */ = {
			isa = PBXContainerItemProxy;
			containerPortal = BFCB98E61F7542B800F979B8 /* Project object */;
			proxyType = 1;
			remoteGlobalIDString = 48A80FBA220E07680067A593;
			remoteInfo = GoldenGate;
		};
/* End PBXContainerItemProxy section */

/* Begin PBXCopyFilesBuildPhase section */
		48A810B1220E51CB0067A593 /* Embed Frameworks */ = {
			isa = PBXCopyFilesBuildPhase;
			buildActionMask = 2147483647;
			dstPath = "";
			dstSubfolderSpec = 10;
			files = (
			);
			name = "Embed Frameworks";
			runOnlyForDeploymentPostprocessing = 0;
		};
/* End PBXCopyFilesBuildPhase section */

/* Begin PBXFileReference section */
		3C63608D26B96AE200FADE5D /* TestScheduler+AdvanceBy.swift */ = {isa = PBXFileReference; fileEncoding = 4; lastKnownFileType = sourcecode.swift; path = "TestScheduler+AdvanceBy.swift"; sourceTree = "<group>"; };
		423C41C824A4FDF30006EF07 /* FbSmo.framework */ = {isa = PBXFileReference; explicitFileType = wrapper.framework; path = FbSmo.framework; sourceTree = BUILT_PRODUCTS_DIR; };
		423C41CA24A4FDF30006EF07 /* SwiftCBOR.framework */ = {isa = PBXFileReference; explicitFileType = wrapper.framework; path = SwiftCBOR.framework; sourceTree = BUILT_PRODUCTS_DIR; };
		4252E42D265525A3006E4B4C /* FbSmoUtils.framework */ = {isa = PBXFileReference; explicitFileType = wrapper.framework; path = FbSmoUtils.framework; sourceTree = BUILT_PRODUCTS_DIR; };
		42FAE85C26123D85005E6500 /* BluetoothConnectionObjC.framework */ = {isa = PBXFileReference; explicitFileType = wrapper.framework; path = BluetoothConnectionObjC.framework; sourceTree = BUILT_PRODUCTS_DIR; };
		489DC0301FBFA7B9008B4F5E /* Logger.swift */ = {isa = PBXFileReference; lastKnownFileType = sourcecode.swift; path = Logger.swift; sourceTree = "<group>"; };
		489DC0521FBFA87F008B4F5E /* GoldenGateLogger.swift */ = {isa = PBXFileReference; lastKnownFileType = sourcecode.swift; path = GoldenGateLogger.swift; sourceTree = "<group>"; };
		489DC0631FBFCC6E008B4F5E /* GoldenGateInitializer.swift */ = {isa = PBXFileReference; lastKnownFileType = sourcecode.swift; path = GoldenGateInitializer.swift; sourceTree = "<group>"; };
		489DC08E1FBFEC4A008B4F5E /* LogHandler.swift */ = {isa = PBXFileReference; lastKnownFileType = sourcecode.swift; path = LogHandler.swift; sourceTree = "<group>"; };
		489DC09B1FC3BCE8008B4F5E /* Log.swift */ = {isa = PBXFileReference; lastKnownFileType = sourcecode.swift; path = Log.swift; sourceTree = "<group>"; };
		48A80FBB220E07680067A593 /* GoldenGate.framework */ = {isa = PBXFileReference; explicitFileType = wrapper.framework; includeInIndex = 0; path = GoldenGate.framework; sourceTree = BUILT_PRODUCTS_DIR; };
		48A80FC3220E07690067A593 /* GoldenGateTests.xctest */ = {isa = PBXFileReference; explicitFileType = wrapper.cfbundle; includeInIndex = 0; path = GoldenGateTests.xctest; sourceTree = BUILT_PRODUCTS_DIR; };
		48A80FCA220E07690067A593 /* Info.plist */ = {isa = PBXFileReference; lastKnownFileType = text.plist.xml; path = Info.plist; sourceTree = "<group>"; };
		48A8108F220E488F0067A593 /* libFbSmo.a */ = {isa = PBXFileReference; explicitFileType = archive.ar; path = libFbSmo.a; sourceTree = BUILT_PRODUCTS_DIR; };
		48A81091220E488F0067A593 /* libSwiftCBOR.a */ = {isa = PBXFileReference; explicitFileType = archive.ar; path = libSwiftCBOR.a; sourceTree = BUILT_PRODUCTS_DIR; };
		48A81093220E48A60067A593 /* RxSwift.framework */ = {isa = PBXFileReference; explicitFileType = wrapper.framework; path = RxSwift.framework; sourceTree = BUILT_PRODUCTS_DIR; };
		48A81095220E48A60067A593 /* RxCocoa.framework */ = {isa = PBXFileReference; explicitFileType = wrapper.framework; path = RxCocoa.framework; sourceTree = BUILT_PRODUCTS_DIR; };
		48A81097220E48BD0067A593 /* RxBluetoothKit.framework */ = {isa = PBXFileReference; explicitFileType = wrapper.framework; path = RxBluetoothKit.framework; sourceTree = BUILT_PRODUCTS_DIR; };
		48A81099220E48D10067A593 /* RxAtomic.framework */ = {isa = PBXFileReference; explicitFileType = wrapper.framework; path = RxAtomic.framework; sourceTree = BUILT_PRODUCTS_DIR; };
		48A8109D220E48F80067A593 /* Starscream.framework */ = {isa = PBXFileReference; explicitFileType = wrapper.framework; path = Starscream.framework; sourceTree = BUILT_PRODUCTS_DIR; };
		48A810A2220E49640067A593 /* Nimble.framework */ = {isa = PBXFileReference; explicitFileType = wrapper.framework; path = Nimble.framework; sourceTree = BUILT_PRODUCTS_DIR; };
		48A810A4220E496F0067A593 /* Quick.framework */ = {isa = PBXFileReference; explicitFileType = wrapper.framework; path = Quick.framework; sourceTree = BUILT_PRODUCTS_DIR; };
		48A810A6220E497F0067A593 /* RxSwift.framework */ = {isa = PBXFileReference; explicitFileType = wrapper.framework; path = RxSwift.framework; sourceTree = BUILT_PRODUCTS_DIR; };
		48A810A8220E497F0067A593 /* RxCocoa.framework */ = {isa = PBXFileReference; explicitFileType = wrapper.framework; path = RxCocoa.framework; sourceTree = BUILT_PRODUCTS_DIR; };
		48A810AA220E497F0067A593 /* RxAtomic.framework */ = {isa = PBXFileReference; explicitFileType = wrapper.framework; path = RxAtomic.framework; sourceTree = BUILT_PRODUCTS_DIR; };
		48A810AC220E49AB0067A593 /* RxTest.framework */ = {isa = PBXFileReference; explicitFileType = wrapper.framework; path = RxTest.framework; sourceTree = BUILT_PRODUCTS_DIR; };
		48A810B2220E52190067A593 /* RxBlocking.framework */ = {isa = PBXFileReference; explicitFileType = wrapper.framework; path = RxBlocking.framework; sourceTree = BUILT_PRODUCTS_DIR; };
		48A810DC220E71830067A593 /* BlasterService.swift */ = {isa = PBXFileReference; fileEncoding = 4; lastKnownFileType = sourcecode.swift; path = BlasterService.swift; sourceTree = "<group>"; };
		48AE717F22820EBF00DE90AD /* RxRelay.framework */ = {isa = PBXFileReference; explicitFileType = wrapper.framework; path = RxRelay.framework; sourceTree = BUILT_PRODUCTS_DIR; };
		48AE718122820ECD00DE90AD /* RxRelay.framework */ = {isa = PBXFileReference; explicitFileType = wrapper.framework; path = RxRelay.framework; sourceTree = BUILT_PRODUCTS_DIR; };
		48EC83AB20C1CC300089E247 /* UnsafeHeapAllocatedValue.swift */ = {isa = PBXFileReference; fileEncoding = 4; lastKnownFileType = sourcecode.swift; path = UnsafeHeapAllocatedValue.swift; sourceTree = "<group>"; };
		48EDBE06217118680057B7B3 /* GoldenGateVersionSpec.swift */ = {isa = PBXFileReference; lastKnownFileType = sourcecode.swift; path = GoldenGateVersionSpec.swift; sourceTree = "<group>"; };
		48EDBE092171B2800057B7B3 /* CoapCodeSpec.swift */ = {isa = PBXFileReference; lastKnownFileType = sourcecode.swift; path = CoapCodeSpec.swift; sourceTree = "<group>"; };
		48EDBE0C2171C8F60057B7B3 /* CoapResponseListenerSpec.swift */ = {isa = PBXFileReference; lastKnownFileType = sourcecode.swift; path = CoapResponseListenerSpec.swift; sourceTree = "<group>"; };
		6D0850ED20D3EA0700492C50 /* CoapResourceHandler.swift */ = {isa = PBXFileReference; lastKnownFileType = sourcecode.swift; path = CoapResourceHandler.swift; sourceTree = "<group>"; };
		6D0850F020D3ED2800492C50 /* CoapServer+Request.swift */ = {isa = PBXFileReference; lastKnownFileType = sourcecode.swift; path = "CoapServer+Request.swift"; sourceTree = "<group>"; };
		6D13184020696F45002AA4C8 /* GoldenGateVersion.swift */ = {isa = PBXFileReference; lastKnownFileType = sourcecode.swift; path = GoldenGateVersion.swift; sourceTree = "<group>"; };
		6D131843206B8D89002AA4C8 /* GGFourCharCode.swift */ = {isa = PBXFileReference; lastKnownFileType = sourcecode.swift; path = GGFourCharCode.swift; sourceTree = "<group>"; };
		6D131846206B8ED8002AA4C8 /* GGEvent.swift */ = {isa = PBXFileReference; lastKnownFileType = sourcecode.swift; path = GGEvent.swift; sourceTree = "<group>"; };
		6D131849206BA9C6002AA4C8 /* IpAddress.swift */ = {isa = PBXFileReference; lastKnownFileType = sourcecode.swift; path = IpAddress.swift; sourceTree = "<group>"; };
		6D13184F206BE6FC002AA4C8 /* StackConfiguration.swift */ = {isa = PBXFileReference; lastKnownFileType = sourcecode.swift; path = StackConfiguration.swift; sourceTree = "<group>"; };
		6D131852206BE8B5002AA4C8 /* GattlinkParameters.swift */ = {isa = PBXFileReference; lastKnownFileType = sourcecode.swift; path = GattlinkParameters.swift; sourceTree = "<group>"; };
		6D131855206BE914002AA4C8 /* StackElementId.swift */ = {isa = PBXFileReference; lastKnownFileType = sourcecode.swift; path = StackElementId.swift; sourceTree = "<group>"; };
		6D13185B206C02A0002AA4C8 /* StackPortId.swift */ = {isa = PBXFileReference; lastKnownFileType = sourcecode.swift; path = StackPortId.swift; sourceTree = "<group>"; };
		6D3C92391FD80B86006E9551 /* RunLoopSpec.swift */ = {isa = PBXFileReference; lastKnownFileType = sourcecode.swift; path = RunLoopSpec.swift; sourceTree = "<group>"; };
		6D3C923E1FD80CEF006E9551 /* GGErrorTypeSpec.swift */ = {isa = PBXFileReference; lastKnownFileType = sourcecode.swift; path = GGErrorTypeSpec.swift; sourceTree = "<group>"; };
		6D3C92411FD80F93006E9551 /* GGAdapterSpec.swift */ = {isa = PBXFileReference; lastKnownFileType = sourcecode.swift; path = GGAdapterSpec.swift; sourceTree = "<group>"; };
		6D3C92471FD82B60006E9551 /* GoldenGatePrincipalClass.swift */ = {isa = PBXFileReference; lastKnownFileType = sourcecode.swift; path = GoldenGatePrincipalClass.swift; sourceTree = "<group>"; };
		6D41E10320CED8FC00CAC73D /* SocketAddressSpec.swift */ = {isa = PBXFileReference; lastKnownFileType = sourcecode.swift; path = SocketAddressSpec.swift; sourceTree = "<group>"; };
		6D41E10620D0042D00CAC73D /* GGBsdDatagramSocketSpec.swift */ = {isa = PBXFileReference; lastKnownFileType = sourcecode.swift; path = GGBsdDatagramSocketSpec.swift; sourceTree = "<group>"; };
		6D529A442091AE9500649FFB /* BufferSpec.swift */ = {isa = PBXFileReference; lastKnownFileType = sourcecode.swift; path = BufferSpec.swift; sourceTree = "<group>"; };
		6D529B4B20BD94B300649FFB /* CoapRequestBuilder.swift */ = {isa = PBXFileReference; lastKnownFileType = sourcecode.swift; path = CoapRequestBuilder.swift; sourceTree = "<group>"; };
		6D529B4E20BD972A00649FFB /* CoapResponseBuilder.swift */ = {isa = PBXFileReference; lastKnownFileType = sourcecode.swift; path = CoapResponseBuilder.swift; sourceTree = "<group>"; };
		6D529B5120BDB4FB00649FFB /* CoapOutgoingBody.swift */ = {isa = PBXFileReference; lastKnownFileType = sourcecode.swift; path = CoapOutgoingBody.swift; sourceTree = "<group>"; };
		6D529B5420BDEB5600649FFB /* CoapRequestBuilderSpec.swift */ = {isa = PBXFileReference; lastKnownFileType = sourcecode.swift; path = CoapRequestBuilderSpec.swift; sourceTree = "<group>"; };
		6D529B5920BE00F300649FFB /* CoapRequest.swift */ = {isa = PBXFileReference; lastKnownFileType = sourcecode.swift; path = CoapRequest.swift; sourceTree = "<group>"; };
		6D529B5F20BE0C2C00649FFB /* CoapMessageType.swift */ = {isa = PBXFileReference; lastKnownFileType = sourcecode.swift; path = CoapMessageType.swift; sourceTree = "<group>"; };
		6D529B6520BE0F5A00649FFB /* CoapServer+Response.swift */ = {isa = PBXFileReference; lastKnownFileType = sourcecode.swift; path = "CoapServer+Response.swift"; sourceTree = "<group>"; };
		6D529B6820BE1E7D00649FFB /* RawCoapMessageSpec.swift */ = {isa = PBXFileReference; lastKnownFileType = sourcecode.swift; path = RawCoapMessageSpec.swift; sourceTree = "<group>"; };
		6D529B6E20BECC2E00649FFB /* CoapBlockwiseResponseListener.swift */ = {isa = PBXFileReference; lastKnownFileType = sourcecode.swift; path = CoapBlockwiseResponseListener.swift; sourceTree = "<group>"; };
		6D529B7120BEDB0300649FFB /* CoapMessage.swift */ = {isa = PBXFileReference; lastKnownFileType = sourcecode.swift; path = CoapMessage.swift; sourceTree = "<group>"; };
		6D529B7420BEEE6500649FFB /* CoapStaticMessageBody.swift */ = {isa = PBXFileReference; lastKnownFileType = sourcecode.swift; path = CoapStaticMessageBody.swift; sourceTree = "<group>"; };
		6D529B7720BF199100649FFB /* CoapBlockwiseResponseListenerSpec.swift */ = {isa = PBXFileReference; lastKnownFileType = sourcecode.swift; path = CoapBlockwiseResponseListenerSpec.swift; sourceTree = "<group>"; };
		6D5392C41FEBD1820059C3B3 /* SecureDatagramClient.swift */ = {isa = PBXFileReference; lastKnownFileType = sourcecode.swift; path = SecureDatagramClient.swift; sourceTree = "<group>"; };
		6D5392C71FEBEDE40059C3B3 /* TlsKeyResolver.swift */ = {isa = PBXFileReference; lastKnownFileType = sourcecode.swift; path = TlsKeyResolver.swift; sourceTree = "<group>"; };
		6D7BC9422063B78F0039A371 /* RunLoop+Timer.swift */ = {isa = PBXFileReference; lastKnownFileType = sourcecode.swift; path = "RunLoop+Timer.swift"; sourceTree = "<group>"; };
		6D7BC9452063B7BC0039A371 /* RunLoop+Invocation.swift */ = {isa = PBXFileReference; lastKnownFileType = sourcecode.swift; path = "RunLoop+Invocation.swift"; sourceTree = "<group>"; };
		6D7BC9482063B8670039A371 /* RunLoop+Assert.swift */ = {isa = PBXFileReference; lastKnownFileType = sourcecode.swift; path = "RunLoop+Assert.swift"; sourceTree = "<group>"; };
		6D7BC94B2063B98C0039A371 /* RunLoop+Ownership.swift */ = {isa = PBXFileReference; lastKnownFileType = sourcecode.swift; path = "RunLoop+Ownership.swift"; sourceTree = "<group>"; };
		6D7BC9582063F8B30039A371 /* Stack.swift */ = {isa = PBXFileReference; lastKnownFileType = sourcecode.swift; path = Stack.swift; sourceTree = "<group>"; };
		6D7EBC671FD992D100913C10 /* GGAdaptableSpec.swift */ = {isa = PBXFileReference; lastKnownFileType = sourcecode.swift; path = GGAdaptableSpec.swift; sourceTree = "<group>"; };
		6D94015720C1475400DC05E5 /* CoapStaticBlockSource.swift */ = {isa = PBXFileReference; lastKnownFileType = sourcecode.swift; path = CoapStaticBlockSource.swift; sourceTree = "<group>"; };
		6D94016020C16E5100DC05E5 /* CoapStaticBlockSourceSpec.swift */ = {isa = PBXFileReference; lastKnownFileType = sourcecode.swift; path = CoapStaticBlockSourceSpec.swift; sourceTree = "<group>"; };
		6D9484FC20775BFC0096FD0C /* StackElementType.swift */ = {isa = PBXFileReference; lastKnownFileType = sourcecode.swift; path = StackElementType.swift; sourceTree = "<group>"; };
		6DAB3D9520743C9E0056173A /* SecureDatagramServer.swift */ = {isa = PBXFileReference; lastKnownFileType = sourcecode.swift; path = SecureDatagramServer.swift; sourceTree = "<group>"; };
		6DAB3D9820743CCC0056173A /* DtlsOptions.swift */ = {isa = PBXFileReference; lastKnownFileType = sourcecode.swift; path = DtlsOptions.swift; sourceTree = "<group>"; };
		6DAE29081FC5DE7F00DB872B /* GGErrorType.swift */ = {isa = PBXFileReference; fileEncoding = 4; lastKnownFileType = sourcecode.swift; path = GGErrorType.swift; sourceTree = "<group>"; };
		6DB124DB20BFD97300DE91CB /* CoapMessageOptionParamSpec.swift */ = {isa = PBXFileReference; lastKnownFileType = sourcecode.swift; path = CoapMessageOptionParamSpec.swift; sourceTree = "<group>"; };
		6DB1BB9B1FD0335200192B6E /* SocketAddress.swift */ = {isa = PBXFileReference; lastKnownFileType = sourcecode.swift; path = SocketAddress.swift; sourceTree = "<group>"; };
		6DCD2DF81F9E2E76004919AC /* GGAdapter.swift */ = {isa = PBXFileReference; lastKnownFileType = sourcecode.swift; path = GGAdapter.swift; sourceTree = "<group>"; };
		6DCD2E081F9E30BA004919AC /* GGAdaptable.swift */ = {isa = PBXFileReference; lastKnownFileType = sourcecode.swift; path = GGAdaptable.swift; sourceTree = "<group>"; };
		6DCD2E421F9F665B004919AC /* RunLoop.swift */ = {isa = PBXFileReference; lastKnownFileType = sourcecode.swift; path = RunLoop.swift; sourceTree = "<group>"; };
		6DD36D7520C7D87000CB3B21 /* CoapEndpointSpec.swift */ = {isa = PBXFileReference; lastKnownFileType = sourcecode.swift; path = CoapEndpointSpec.swift; sourceTree = "<group>"; };
		6DD36D8620CBF41D00CB3B21 /* GGBsdDatagramSocket.swift */ = {isa = PBXFileReference; lastKnownFileType = sourcecode.swift; path = GGBsdDatagramSocket.swift; sourceTree = "<group>"; };
		6DEDA417207DEBD2008861F5 /* GGPeer.swift */ = {isa = PBXFileReference; lastKnownFileType = sourcecode.swift; path = GGPeer.swift; sourceTree = "<group>"; };
		6DEDA41B207DECCE008861F5 /* ServiceDescriptor+GG.swift */ = {isa = PBXFileReference; lastKnownFileType = sourcecode.swift; path = "ServiceDescriptor+GG.swift"; sourceTree = "<group>"; };
		751A7A932328FF6800087BFB /* Log+Bindings.swift */ = {isa = PBXFileReference; lastKnownFileType = sourcecode.swift; path = "Log+Bindings.swift"; sourceTree = "<group>"; };
		751A7A952328FF7500087BFB /* Log+Bluetooth.swift */ = {isa = PBXFileReference; lastKnownFileType = sourcecode.swift; path = "Log+Bluetooth.swift"; sourceTree = "<group>"; };
		757DC62724CF3C0C002FFE52 /* CoapPlaygroundViewController.swift */ = {isa = PBXFileReference; lastKnownFileType = sourcecode.swift; path = CoapPlaygroundViewController.swift; sourceTree = "<group>"; };
		757DC62924CF3CFD002FFE52 /* BlastingPlaygroundViewController.swift */ = {isa = PBXFileReference; lastKnownFileType = sourcecode.swift; path = BlastingPlaygroundViewController.swift; sourceTree = "<group>"; };
		75A646C42488E74F00B47E0A /* StackDescriptor+GG.swift */ = {isa = PBXFileReference; lastKnownFileType = sourcecode.swift; path = "StackDescriptor+GG.swift"; sourceTree = "<group>"; };
		75A9289E240599840018C88B /* CaseIterable+AllUniqueRawValues.swift */ = {isa = PBXFileReference; lastKnownFileType = sourcecode.swift; path = "CaseIterable+AllUniqueRawValues.swift"; sourceTree = "<group>"; };
		75D399F02578FDCD0028BD1D /* Starscream.framework */ = {isa = PBXFileReference; explicitFileType = wrapper.framework; path = Starscream.framework; sourceTree = BUILT_PRODUCTS_DIR; };
		AC8253C521EFBD02005B8DC1 /* GoldenGateXP.framework */ = {isa = PBXFileReference; explicitFileType = wrapper.framework; path = GoldenGateXP.framework; sourceTree = BUILT_PRODUCTS_DIR; };
		AF8F093F224281D300FF5604 /* GGCoapRequestParameters.swift */ = {isa = PBXFileReference; lastKnownFileType = sourcecode.swift; path = GGCoapRequestParameters.swift; sourceTree = "<group>"; };
		BF00AE8B207393A100B00C3E /* CoapMessageBuilder.swift */ = {isa = PBXFileReference; fileEncoding = 4; lastKnownFileType = sourcecode.swift; path = CoapMessageBuilder.swift; sourceTree = "<group>"; };
		BF0408F91FCEBA6600D875BA /* CoapCode.swift */ = {isa = PBXFileReference; fileEncoding = 4; lastKnownFileType = sourcecode.swift; path = CoapCode.swift; sourceTree = "<group>"; };
		BF0408FA1FCEBA6600D875BA /* CoapRequestHandler.swift */ = {isa = PBXFileReference; fileEncoding = 4; lastKnownFileType = sourcecode.swift; path = CoapRequestHandler.swift; sourceTree = "<group>"; };
		BF0408FB1FCEBA6600D875BA /* CoapResponseListener.swift */ = {isa = PBXFileReference; fileEncoding = 4; lastKnownFileType = sourcecode.swift; path = CoapResponseListener.swift; sourceTree = "<group>"; };
		BF0408FC1FCEBA6600D875BA /* CoapOption.swift */ = {isa = PBXFileReference; fileEncoding = 4; lastKnownFileType = sourcecode.swift; path = CoapOption.swift; sourceTree = "<group>"; };
		BF0408FD1FCEBA6600D875BA /* CoapEndpoint.swift */ = {isa = PBXFileReference; fileEncoding = 4; lastKnownFileType = sourcecode.swift; path = CoapEndpoint.swift; sourceTree = "<group>"; };
		BF0409181FCED1F000D875BA /* RunLoop+Rx.swift */ = {isa = PBXFileReference; lastKnownFileType = sourcecode.swift; path = "RunLoop+Rx.swift"; sourceTree = "<group>"; };
		BF0409371FCED3B600D875BA /* CoapMessageOptionParam.swift */ = {isa = PBXFileReference; lastKnownFileType = sourcecode.swift; path = CoapMessageOptionParam.swift; sourceTree = "<group>"; };
		BF143C2F1FD9A00600183AE0 /* Log+Rx.swift */ = {isa = PBXFileReference; lastKnownFileType = sourcecode.swift; path = "Log+Rx.swift"; sourceTree = "<group>"; };
		BF3E74AD1F755DB9009FA8FF /* GoldenGate.h */ = {isa = PBXFileReference; lastKnownFileType = sourcecode.c.h; path = GoldenGate.h; sourceTree = "<group>"; };
		BF3E74AE1F755DB9009FA8FF /* Info.plist */ = {isa = PBXFileReference; lastKnownFileType = text.plist.xml; path = Info.plist; sourceTree = "<group>"; };
		BF4C1500213D37C0005B702D /* GGEventListener.swift */ = {isa = PBXFileReference; lastKnownFileType = sourcecode.swift; path = GGEventListener.swift; sourceTree = "<group>"; };
		BF4C155F213D9EBA005B702D /* DtlsProtocolState.swift */ = {isa = PBXFileReference; lastKnownFileType = sourcecode.swift; path = DtlsProtocolState.swift; sourceTree = "<group>"; };
		BFA6A33220739CAE007E5D3E /* CoapResponseBuilderSpec.swift */ = {isa = PBXFileReference; lastKnownFileType = sourcecode.swift; path = CoapResponseBuilderSpec.swift; sourceTree = "<group>"; };
		BFB4B9DB1FDFDC04005EA291 /* RawCoapMessage.swift */ = {isa = PBXFileReference; fileEncoding = 4; lastKnownFileType = sourcecode.swift; path = RawCoapMessage.swift; sourceTree = "<group>"; };
		BFE757D2200CC466003D49E0 /* PerfDataSink.swift */ = {isa = PBXFileReference; lastKnownFileType = sourcecode.swift; path = PerfDataSink.swift; sourceTree = "<group>"; };
		FD09E03721F22A6100BBD13A /* CoapStreamingMessageBodySpec.swift */ = {isa = PBXFileReference; lastKnownFileType = sourcecode.swift; path = CoapStreamingMessageBodySpec.swift; sourceTree = "<group>"; };
		FD3B0626234F62C700A92603 /* Rxbit.framework */ = {isa = PBXFileReference; explicitFileType = wrapper.framework; path = Rxbit.framework; sourceTree = BUILT_PRODUCTS_DIR; };
		FD51255521807614005A7B37 /* CoapClientService.swift */ = {isa = PBXFileReference; lastKnownFileType = sourcecode.swift; path = CoapClientService.swift; sourceTree = "<group>"; };
		FD56580D219AF63200C91C29 /* CoapTestService.swift */ = {isa = PBXFileReference; lastKnownFileType = sourcecode.swift; path = CoapTestService.swift; sourceTree = "<group>"; };
		FD6FB79B22A9015F000EFB76 /* CoapGroupRequestFilter.swift */ = {isa = PBXFileReference; lastKnownFileType = sourcecode.swift; path = CoapGroupRequestFilter.swift; sourceTree = "<group>"; };
		FDBE5B822628457D00EFAB58 /* Node+NetworkLink.swift */ = {isa = PBXFileReference; fileEncoding = 4; lastKnownFileType = sourcecode.swift; path = "Node+NetworkLink.swift"; sourceTree = "<group>"; };
		FDBE5B842628457D00EFAB58 /* NodeConnection.swift */ = {isa = PBXFileReference; fileEncoding = 4; lastKnownFileType = sourcecode.swift; path = NodeConnection.swift; sourceTree = "<group>"; };
		FDBE5B852628457D00EFAB58 /* Node.swift */ = {isa = PBXFileReference; fileEncoding = 4; lastKnownFileType = sourcecode.swift; path = Node.swift; sourceTree = "<group>"; };
		FDBE5B872628457D00EFAB58 /* HubConnection.swift */ = {isa = PBXFileReference; fileEncoding = 4; lastKnownFileType = sourcecode.swift; path = HubConnection.swift; sourceTree = "<group>"; };
		FDBE5B882628457D00EFAB58 /* Hub+NetworkLink.swift */ = {isa = PBXFileReference; fileEncoding = 4; lastKnownFileType = sourcecode.swift; path = "Hub+NetworkLink.swift"; sourceTree = "<group>"; };
		FDBE5B8C2628457D00EFAB58 /* HubSpec.swift */ = {isa = PBXFileReference; fileEncoding = 4; lastKnownFileType = sourcecode.swift; path = HubSpec.swift; sourceTree = "<group>"; };
		FDBE5B8D2628457D00EFAB58 /* Hub.swift */ = {isa = PBXFileReference; fileEncoding = 4; lastKnownFileType = sourcecode.swift; path = Hub.swift; sourceTree = "<group>"; };
		FDBE5B8E2628457D00EFAB58 /* Hub+LinkStatusService.swift */ = {isa = PBXFileReference; fileEncoding = 4; lastKnownFileType = sourcecode.swift; path = "Hub+LinkStatusService.swift"; sourceTree = "<group>"; };
		FDBE5C132628493500EFAB58 /* ServiceMock.swift */ = {isa = PBXFileReference; fileEncoding = 4; lastKnownFileType = sourcecode.swift; path = ServiceMock.swift; sourceTree = "<group>"; };
		FDBE5C142628493500EFAB58 /* CharacteristicMock.swift */ = {isa = PBXFileReference; fileEncoding = 4; lastKnownFileType = sourcecode.swift; path = CharacteristicMock.swift; sourceTree = "<group>"; };
		FDBE5C152628493500EFAB58 /* CentralManagerMock.swift */ = {isa = PBXFileReference; fileEncoding = 4; lastKnownFileType = sourcecode.swift; path = CentralManagerMock.swift; sourceTree = "<group>"; };
		FDBE5C162628493500EFAB58 /* PeripheralMock.swift */ = {isa = PBXFileReference; fileEncoding = 4; lastKnownFileType = sourcecode.swift; path = PeripheralMock.swift; sourceTree = "<group>"; };
		FDC76775248F608100855742 /* BluetoothConnection.framework */ = {isa = PBXFileReference; explicitFileType = wrapper.framework; path = BluetoothConnection.framework; sourceTree = BUILT_PRODUCTS_DIR; };
		FDD7D9C124869F5E00FEE9D0 /* DataSink+XP.swift */ = {isa = PBXFileReference; fileEncoding = 4; lastKnownFileType = sourcecode.swift; path = "DataSink+XP.swift"; sourceTree = "<group>"; };
		FDE588512486A8F80095B8AA /* Buffer+XP.swift */ = {isa = PBXFileReference; fileEncoding = 4; lastKnownFileType = sourcecode.swift; path = "Buffer+XP.swift"; sourceTree = "<group>"; };
		FDE58855248793CB0095B8AA /* DataSinkListener+XP.swift */ = {isa = PBXFileReference; fileEncoding = 4; lastKnownFileType = sourcecode.swift; path = "DataSinkListener+XP.swift"; sourceTree = "<group>"; };
		FDE588592487955B0095B8AA /* DataSource+XP.swift */ = {isa = PBXFileReference; fileEncoding = 4; lastKnownFileType = sourcecode.swift; path = "DataSource+XP.swift"; sourceTree = "<group>"; };
/* End PBXFileReference section */

/* Begin PBXFrameworksBuildPhase section */
		48A80FB8220E07680067A593 /* Frameworks */ = {
			isa = PBXFrameworksBuildPhase;
			buildActionMask = 2147483647;
			files = (
				75D399F12578FDCD0028BD1D /* Starscream.framework in Frameworks */,
				FDC76776248F608100855742 /* BluetoothConnection.framework in Frameworks */,
				48A810D9220E6C630067A593 /* GoldenGateXP.framework in Frameworks */,
				FD3B0627234F62C700A92603 /* Rxbit.framework in Frameworks */,
				42FAE85D26123D85005E6500 /* BluetoothConnectionObjC.framework in Frameworks */,
				48A81098220E48BD0067A593 /* RxBluetoothKit.framework in Frameworks */,
				48A81096220E48A60067A593 /* RxCocoa.framework in Frameworks */,
				48AE718022820EBF00DE90AD /* RxRelay.framework in Frameworks */,
				48A81094220E48A60067A593 /* RxSwift.framework in Frameworks */,
			);
			runOnlyForDeploymentPostprocessing = 0;
		};
		48A80FC0220E07690067A593 /* Frameworks */ = {
			isa = PBXFrameworksBuildPhase;
			buildActionMask = 2147483647;
			files = (
				755F34C424C6E23500877754 /* BluetoothConnection.framework in Frameworks */,
				48A80FC4220E07690067A593 /* GoldenGate.framework in Frameworks */,
				48A810A3220E49640067A593 /* Nimble.framework in Frameworks */,
				48A810A5220E496F0067A593 /* Quick.framework in Frameworks */,
				FDE446F62363254E00BD8E34 /* Rxbit.framework in Frameworks */,
				48A810B3220E52190067A593 /* RxBlocking.framework in Frameworks */,
				48A810A9220E497F0067A593 /* RxCocoa.framework in Frameworks */,
				48AE718222820ECD00DE90AD /* RxRelay.framework in Frameworks */,
				48A810A7220E497F0067A593 /* RxSwift.framework in Frameworks */,
				48A810AD220E49AB0067A593 /* RxTest.framework in Frameworks */,
				4830C6BD221F60D100AFF465 /* Starscream.framework in Frameworks */,
			);
			runOnlyForDeploymentPostprocessing = 0;
		};
/* End PBXFrameworksBuildPhase section */

/* Begin PBXGroup section */
		481F27AF1F8F396400074F66 /* Supporting Files */ = {
			isa = PBXGroup;
			children = (
				BF3E74AD1F755DB9009FA8FF /* GoldenGate.h */,
				BF3E74AE1F755DB9009FA8FF /* Info.plist */,
			);
			name = "Supporting Files";
			sourceTree = "<group>";
		};
		484F88261F8590370014A037 /* Frameworks */ = {
			isa = PBXGroup;
			children = (
				4252E42D265525A3006E4B4C /* FbSmoUtils.framework */,
				42FAE85C26123D85005E6500 /* BluetoothConnectionObjC.framework */,
				75D399F02578FDCD0028BD1D /* Starscream.framework */,
				FDC76775248F608100855742 /* BluetoothConnection.framework */,
				423C41C824A4FDF30006EF07 /* FbSmo.framework */,
				AC8253C521EFBD02005B8DC1 /* GoldenGateXP.framework */,
				48A8108F220E488F0067A593 /* libFbSmo.a */,
				48A81091220E488F0067A593 /* libSwiftCBOR.a */,
				48A810A2220E49640067A593 /* Nimble.framework */,
				48A810A4220E496F0067A593 /* Quick.framework */,
				48A81099220E48D10067A593 /* RxAtomic.framework */,
				48A810AA220E497F0067A593 /* RxAtomic.framework */,
				FD3B0626234F62C700A92603 /* Rxbit.framework */,
				48A810B2220E52190067A593 /* RxBlocking.framework */,
				48A81097220E48BD0067A593 /* RxBluetoothKit.framework */,
				48A81095220E48A60067A593 /* RxCocoa.framework */,
				48A810A8220E497F0067A593 /* RxCocoa.framework */,
				48AE717F22820EBF00DE90AD /* RxRelay.framework */,
				48AE718122820ECD00DE90AD /* RxRelay.framework */,
				48A81093220E48A60067A593 /* RxSwift.framework */,
				48A810A6220E497F0067A593 /* RxSwift.framework */,
				48A810AC220E49AB0067A593 /* RxTest.framework */,
				48A8109D220E48F80067A593 /* Starscream.framework */,
				423C41CA24A4FDF30006EF07 /* SwiftCBOR.framework */,
			);
			name = Frameworks;
			sourceTree = "<group>";
		};
		489DC0511FBFA869008B4F5E /* Logging */ = {
			isa = PBXGroup;
			children = (
				489DC0521FBFA87F008B4F5E /* GoldenGateLogger.swift */,
				489DC09B1FC3BCE8008B4F5E /* Log.swift */,
				751A7A932328FF6800087BFB /* Log+Bindings.swift */,
				751A7A952328FF7500087BFB /* Log+Bluetooth.swift */,
				BF143C2F1FD9A00600183AE0 /* Log+Rx.swift */,
				489DC0301FBFA7B9008B4F5E /* Logger.swift */,
				489DC08E1FBFEC4A008B4F5E /* LogHandler.swift */,
			);
			path = Logging;
			sourceTree = "<group>";
		};
		48A80FC7220E07690067A593 /* GoldenGateTests */ = {
			isa = PBXGroup;
			children = (
				48A80FCA220E07690067A593 /* Info.plist */,
			);
			path = GoldenGateTests;
			sourceTree = "<group>";
		};
		6D4AB3BD1FA0B08E005498AF /* Testing */ = {
			isa = PBXGroup;
			children = (
				75610D8D254B245C001E2BE5 /* Spec */,
				6DD36D8620CBF41D00CB3B21 /* GGBsdDatagramSocket.swift */,
				BFE757D2200CC466003D49E0 /* PerfDataSink.swift */,
			);
			path = Testing;
			sourceTree = "<group>";
		};
		6D5E3005205295F300A5FA83 /* Utils */ = {
			isa = PBXGroup;
			children = (
				75610D8F254B2497001E2BE5 /* Spec */,
				48A810DC220E71830067A593 /* BlasterService.swift */,
				75A9289E240599840018C88B /* CaseIterable+AllUniqueRawValues.swift */,
				FD51255521807614005A7B37 /* CoapClientService.swift */,
				FD56580D219AF63200C91C29 /* CoapTestService.swift */,
				6DEDA417207DEBD2008861F5 /* GGPeer.swift */,
				6D13184020696F45002AA4C8 /* GoldenGateVersion.swift */,
				6DEDA41B207DECCE008861F5 /* ServiceDescriptor+GG.swift */,
			);
			path = Utils;
			sourceTree = "<group>";
		};
		6D7BC9542063F8830039A371 /* Stack */ = {
			isa = PBXGroup;
			children = (
				BF4C155F213D9EBA005B702D /* DtlsProtocolState.swift */,
				6D131852206BE8B5002AA4C8 /* GattlinkParameters.swift */,
				6D7BC9582063F8B30039A371 /* Stack.swift */,
				6D13184F206BE6FC002AA4C8 /* StackConfiguration.swift */,
				75A646C42488E74F00B47E0A /* StackDescriptor+GG.swift */,
				6D131855206BE914002AA4C8 /* StackElementId.swift */,
				6D9484FC20775BFC0096FD0C /* StackElementType.swift */,
				6D13185B206C02A0002AA4C8 /* StackPortId.swift */,
			);
			path = Stack;
			sourceTree = "<group>";
		};
		6DAE27C41FC3B4FF00DB872B /* Bridging */ = {
			isa = PBXGroup;
			children = (
				75610D87254B237A001E2BE5 /* Spec */,
				6DCD2E081F9E30BA004919AC /* GGAdaptable.swift */,
				6DCD2DF81F9E2E76004919AC /* GGAdapter.swift */,
				6DAE29081FC5DE7F00DB872B /* GGErrorType.swift */,
			);
			path = Bridging;
			sourceTree = "<group>";
		};
		6DAE27C81FC3B4FF00DB872B /* IO */ = {
			isa = PBXGroup;
			children = (
				75610D89254B241B001E2BE5 /* Spec */,
				FDE588512486A8F80095B8AA /* Buffer+XP.swift */,
				FDD7D9C124869F5E00FEE9D0 /* DataSink+XP.swift */,
				FDE58855248793CB0095B8AA /* DataSinkListener+XP.swift */,
				FDE588592487955B0095B8AA /* DataSource+XP.swift */,
			);
			path = IO;
			sourceTree = "<group>";
		};
		6DAE27CD1FC3B4FF00DB872B /* Common */ = {
			isa = PBXGroup;
			children = (
				6D131846206B8ED8002AA4C8 /* GGEvent.swift */,
				BF4C1500213D37C0005B702D /* GGEventListener.swift */,
				6D131843206B8D89002AA4C8 /* GGFourCharCode.swift */,
				48EC83AB20C1CC300089E247 /* UnsafeHeapAllocatedValue.swift */,
			);
			path = Common;
			sourceTree = "<group>";
		};
		6DAE27D61FC3B50000DB872B /* Loop */ = {
			isa = PBXGroup;
			children = (
				75610D8A254B242E001E2BE5 /* Spec */,
				6DCD2E421F9F665B004919AC /* RunLoop.swift */,
				6D7BC9482063B8670039A371 /* RunLoop+Assert.swift */,
				6D7BC9452063B7BC0039A371 /* RunLoop+Invocation.swift */,
				6D7BC94B2063B98C0039A371 /* RunLoop+Ownership.swift */,
				BF0409181FCED1F000D875BA /* RunLoop+Rx.swift */,
				6D7BC9422063B78F0039A371 /* RunLoop+Timer.swift */,
			);
			path = Loop;
			sourceTree = "<group>";
		};
		6DAE282A1FC3B60300DB872B /* Networking */ = {
			isa = PBXGroup;
			children = (
				75610D8B254B2439001E2BE5 /* Spec */,
				6DAB3D9820743CCC0056173A /* DtlsOptions.swift */,
				6D131849206BA9C6002AA4C8 /* IpAddress.swift */,
				6D5392C41FEBD1820059C3B3 /* SecureDatagramClient.swift */,
				6DAB3D9520743C9E0056173A /* SecureDatagramServer.swift */,
				6DB1BB9B1FD0335200192B6E /* SocketAddress.swift */,
				6D5392C71FEBEDE40059C3B3 /* TlsKeyResolver.swift */,
			);
			path = Networking;
			sourceTree = "<group>";
		};
		6DEDA41E207E06BB008861F5 /* UI */ = {
			isa = PBXGroup;
			children = (
				757DC62924CF3CFD002FFE52 /* BlastingPlaygroundViewController.swift */,
				757DC62724CF3C0C002FFE52 /* CoapPlaygroundViewController.swift */,
			);
			path = UI;
			sourceTree = "<group>";
		};
		75610D87254B237A001E2BE5 /* Spec */ = {
			isa = PBXGroup;
			children = (
				6D7EBC671FD992D100913C10 /* GGAdaptableSpec.swift */,
				6D3C92411FD80F93006E9551 /* GGAdapterSpec.swift */,
				6D3C923E1FD80CEF006E9551 /* GGErrorTypeSpec.swift */,
			);
			path = Spec;
			sourceTree = "<group>";
		};
		75610D88254B23A4001E2BE5 /* Spec */ = {
			isa = PBXGroup;
			children = (
				6D529B7720BF199100649FFB /* CoapBlockwiseResponseListenerSpec.swift */,
				48EDBE092171B2800057B7B3 /* CoapCodeSpec.swift */,
				6DD36D7520C7D87000CB3B21 /* CoapEndpointSpec.swift */,
				6DB124DB20BFD97300DE91CB /* CoapMessageOptionParamSpec.swift */,
				6D529B5420BDEB5600649FFB /* CoapRequestBuilderSpec.swift */,
				BFA6A33220739CAE007E5D3E /* CoapResponseBuilderSpec.swift */,
				48EDBE0C2171C8F60057B7B3 /* CoapResponseListenerSpec.swift */,
				6D94016020C16E5100DC05E5 /* CoapStaticBlockSourceSpec.swift */,
				FD09E03721F22A6100BBD13A /* CoapStreamingMessageBodySpec.swift */,
				6D529B6820BE1E7D00649FFB /* RawCoapMessageSpec.swift */,
			);
			path = Spec;
			sourceTree = "<group>";
		};
		75610D89254B241B001E2BE5 /* Spec */ = {
			isa = PBXGroup;
			children = (
				6D529A442091AE9500649FFB /* BufferSpec.swift */,
			);
			path = Spec;
			sourceTree = "<group>";
		};
		75610D8A254B242E001E2BE5 /* Spec */ = {
			isa = PBXGroup;
			children = (
				6D3C92391FD80B86006E9551 /* RunLoopSpec.swift */,
			);
			path = Spec;
			sourceTree = "<group>";
		};
		75610D8B254B2439001E2BE5 /* Spec */ = {
			isa = PBXGroup;
			children = (
				6D41E10320CED8FC00CAC73D /* SocketAddressSpec.swift */,
			);
			path = Spec;
			sourceTree = "<group>";
		};
		75610D8D254B245C001E2BE5 /* Spec */ = {
			isa = PBXGroup;
			children = (
				6D41E10620D0042D00CAC73D /* GGBsdDatagramSocketSpec.swift */,
			);
			path = Spec;
			sourceTree = "<group>";
		};
		75610D8F254B2497001E2BE5 /* Spec */ = {
			isa = PBXGroup;
			children = (
				48EDBE06217118680057B7B3 /* GoldenGateVersionSpec.swift */,
				3C63608D26B96AE200FADE5D /* TestScheduler+AdvanceBy.swift */,
			);
			path = Spec;
			sourceTree = "<group>";
		};
		BF0408F81FCEBA6600D875BA /* Coap */ = {
			isa = PBXGroup;
			children = (
				75610D88254B23A4001E2BE5 /* Spec */,
				6D529B6E20BECC2E00649FFB /* CoapBlockwiseResponseListener.swift */,
				BF0408F91FCEBA6600D875BA /* CoapCode.swift */,
				BF0408FD1FCEBA6600D875BA /* CoapEndpoint.swift */,
				FD6FB79B22A9015F000EFB76 /* CoapGroupRequestFilter.swift */,
				6D529B7120BEDB0300649FFB /* CoapMessage.swift */,
				BF00AE8B207393A100B00C3E /* CoapMessageBuilder.swift */,
				BF0409371FCED3B600D875BA /* CoapMessageOptionParam.swift */,
				6D529B5F20BE0C2C00649FFB /* CoapMessageType.swift */,
				BF0408FC1FCEBA6600D875BA /* CoapOption.swift */,
				6D529B5120BDB4FB00649FFB /* CoapOutgoingBody.swift */,
				6D529B5920BE00F300649FFB /* CoapRequest.swift */,
				6D529B4B20BD94B300649FFB /* CoapRequestBuilder.swift */,
				BF0408FA1FCEBA6600D875BA /* CoapRequestHandler.swift */,
				6D0850ED20D3EA0700492C50 /* CoapResourceHandler.swift */,
				6D529B4E20BD972A00649FFB /* CoapResponseBuilder.swift */,
				BF0408FB1FCEBA6600D875BA /* CoapResponseListener.swift */,
				6D0850F020D3ED2800492C50 /* CoapServer+Request.swift */,
				6D529B6520BE0F5A00649FFB /* CoapServer+Response.swift */,
				6D94015720C1475400DC05E5 /* CoapStaticBlockSource.swift */,
				6D529B7420BEEE6500649FFB /* CoapStaticMessageBody.swift */,
				AF8F093F224281D300FF5604 /* GGCoapRequestParameters.swift */,
				BFB4B9DB1FDFDC04005EA291 /* RawCoapMessage.swift */,
			);
			path = Coap;
			sourceTree = "<group>";
		};
		BFCB98E51F7542B800F979B8 = {
			isa = PBXGroup;
			children = (
				484F88261F8590370014A037 /* Frameworks */,
				BFCB98F01F7542B800F979B8 /* GoldenGate */,
				48A80FC7220E07690067A593 /* GoldenGateTests */,
				BFCB98EF1F7542B800F979B8 /* Products */,
			);
			indentWidth = 4;
			sourceTree = "<group>";
			tabWidth = 4;
			usesTabs = 0;
		};
		BFCB98EF1F7542B800F979B8 /* Products */ = {
			isa = PBXGroup;
			children = (
				48A80FBB220E07680067A593 /* GoldenGate.framework */,
				48A80FC3220E07690067A593 /* GoldenGateTests.xctest */,
			);
			name = Products;
			sourceTree = "<group>";
		};
		BFCB98F01F7542B800F979B8 /* GoldenGate */ = {
			isa = PBXGroup;
			children = (
				6DAE27C41FC3B4FF00DB872B /* Bridging */,
				BF0408F81FCEBA6600D875BA /* Coap */,
				6DAE27CD1FC3B4FF00DB872B /* Common */,
				6DAE27C81FC3B4FF00DB872B /* IO */,
				489DC0511FBFA869008B4F5E /* Logging */,
				6DAE27D61FC3B50000DB872B /* Loop */,
				6DAE282A1FC3B60300DB872B /* Networking */,
				FDBE5B802628457D00EFAB58 /* Peer */,
				6D7BC9542063F8830039A371 /* Stack */,
				481F27AF1F8F396400074F66 /* Supporting Files */,
				6D4AB3BD1FA0B08E005498AF /* Testing */,
				6DEDA41E207E06BB008861F5 /* UI */,
				6D5E3005205295F300A5FA83 /* Utils */,
				489DC0631FBFCC6E008B4F5E /* GoldenGateInitializer.swift */,
				6D3C92471FD82B60006E9551 /* GoldenGatePrincipalClass.swift */,
			);
			path = GoldenGate;
			sourceTree = "<group>";
		};
		FDBE5B802628457D00EFAB58 /* Peer */ = {
			isa = PBXGroup;
			children = (
				FDBE5B812628457D00EFAB58 /* Node */,
				FDBE5B862628457D00EFAB58 /* Hub */,
			);
			path = Peer;
			sourceTree = "<group>";
		};
		FDBE5B812628457D00EFAB58 /* Node */ = {
			isa = PBXGroup;
			children = (
				FDBE5B822628457D00EFAB58 /* Node+NetworkLink.swift */,
				FDBE5B842628457D00EFAB58 /* NodeConnection.swift */,
				FDBE5B852628457D00EFAB58 /* Node.swift */,
			);
			path = Node;
			sourceTree = "<group>";
		};
		FDBE5B862628457D00EFAB58 /* Hub */ = {
			isa = PBXGroup;
			children = (
				FDBE5B8B2628457D00EFAB58 /* Spec */,
				FDBE5B872628457D00EFAB58 /* HubConnection.swift */,
				FDBE5B882628457D00EFAB58 /* Hub+NetworkLink.swift */,
				FDBE5B8D2628457D00EFAB58 /* Hub.swift */,
				FDBE5B8E2628457D00EFAB58 /* Hub+LinkStatusService.swift */,
			);
			path = Hub;
			sourceTree = "<group>";
		};
		FDBE5B8B2628457D00EFAB58 /* Spec */ = {
			isa = PBXGroup;
			children = (
				FDBE5C122628493500EFAB58 /* Mocks */,
				FDBE5B8C2628457D00EFAB58 /* HubSpec.swift */,
			);
			path = Spec;
			sourceTree = "<group>";
		};
		FDBE5C122628493500EFAB58 /* Mocks */ = {
			isa = PBXGroup;
			children = (
				FDBE5C132628493500EFAB58 /* ServiceMock.swift */,
				FDBE5C142628493500EFAB58 /* CharacteristicMock.swift */,
				FDBE5C152628493500EFAB58 /* CentralManagerMock.swift */,
				FDBE5C162628493500EFAB58 /* PeripheralMock.swift */,
			);
			name = Mocks;
			path = GoldenGate/Peer/Spec/Mocks;
			sourceTree = SOURCE_ROOT;
		};
/* End PBXGroup section */

/* Begin PBXHeadersBuildPhase section */
		48A80FB6220E07680067A593 /* Headers */ = {
			isa = PBXHeadersBuildPhase;
			buildActionMask = 2147483647;
			files = (
				48A810B0220E50DB0067A593 /* GoldenGate.h in Headers */,
			);
			runOnlyForDeploymentPostprocessing = 0;
		};
/* End PBXHeadersBuildPhase section */

/* Begin PBXNativeTarget section */
		48A80FBA220E07680067A593 /* GoldenGate */ = {
			isa = PBXNativeTarget;
			buildConfigurationList = 48A80FD0220E07690067A593 /* Build configuration list for PBXNativeTarget "GoldenGate" */;
			buildPhases = (
				48A80FB7220E07680067A593 /* Sources */,
				48A80FB8220E07680067A593 /* Frameworks */,
				48A80FB6220E07680067A593 /* Headers */,
				48A80FB9220E07680067A593 /* Resources */,
			);
			buildRules = (
			);
			dependencies = (
			);
			name = GoldenGate;
			productName = GoldenGate;
			productReference = 48A80FBB220E07680067A593 /* GoldenGate.framework */;
			productType = "com.apple.product-type.framework";
		};
		48A80FC2220E07690067A593 /* GoldenGateTests */ = {
			isa = PBXNativeTarget;
			buildConfigurationList = 48A80FD1220E07690067A593 /* Build configuration list for PBXNativeTarget "GoldenGateTests" */;
			buildPhases = (
				48492DE7220EE08300C67916 /* Carthage Sync */,
				48A80FBF220E07690067A593 /* Sources */,
				48A80FC0220E07690067A593 /* Frameworks */,
				48A80FC1220E07690067A593 /* Resources */,
				48A810B1220E51CB0067A593 /* Embed Frameworks */,
			);
			buildRules = (
			);
			dependencies = (
				48A80FC6220E07690067A593 /* PBXTargetDependency */,
			);
			name = GoldenGateTests;
			productName = GoldenGateTests;
			productReference = 48A80FC3220E07690067A593 /* GoldenGateTests.xctest */;
			productType = "com.apple.product-type.bundle.unit-test";
		};
/* End PBXNativeTarget section */

/* Begin PBXProject section */
		BFCB98E61F7542B800F979B8 /* Project object */ = {
			isa = PBXProject;
			attributes = {
				LastSwiftUpdateCheck = 1010;
				LastUpgradeCheck = 1020;
				ORGANIZATIONNAME = Fitbit;
				TargetAttributes = {
					48A80FBA220E07680067A593 = {
						CreatedOnToolsVersion = 10.1;
					};
					48A80FC2220E07690067A593 = {
						CreatedOnToolsVersion = 10.1;
						ProvisioningStyle = Automatic;
					};
				};
			};
			buildConfigurationList = BFCB98E91F7542B800F979B8 /* Build configuration list for PBXProject "GoldenGate" */;
			compatibilityVersion = "Xcode 3.2";
			developmentRegion = en;
			hasScannedForEncodings = 0;
			knownRegions = (
				en,
				Base,
			);
			mainGroup = BFCB98E51F7542B800F979B8;
			productRefGroup = BFCB98EF1F7542B800F979B8 /* Products */;
			projectDirPath = "";
			projectRoot = "";
			targets = (
				48A80FBA220E07680067A593 /* GoldenGate */,
				48A80FC2220E07690067A593 /* GoldenGateTests */,
			);
		};
/* End PBXProject section */

/* Begin PBXResourcesBuildPhase section */
		48A80FB9220E07680067A593 /* Resources */ = {
			isa = PBXResourcesBuildPhase;
			buildActionMask = 2147483647;
			files = (
			);
			runOnlyForDeploymentPostprocessing = 0;
		};
		48A80FC1220E07690067A593 /* Resources */ = {
			isa = PBXResourcesBuildPhase;
			buildActionMask = 2147483647;
			files = (
			);
			runOnlyForDeploymentPostprocessing = 0;
		};
/* End PBXResourcesBuildPhase section */

/* Begin PBXShellScriptBuildPhase section */
		48492DE7220EE08300C67916 /* Carthage Sync */ = {
			isa = PBXShellScriptBuildPhase;
			buildActionMask = 2147483647;
			files = (
			);
			inputFileListPaths = (
			);
			inputPaths = (
			);
			name = "Carthage Sync";
			outputFileListPaths = (
			);
			outputPaths = (
			);
			runOnlyForDeploymentPostprocessing = 0;
			shellPath = /bin/sh;
			shellScript = "cd $SOURCE_ROOT/../../..\nplatform/apple/scripts/carthage-copy-and-verify\n";
		};
/* End PBXShellScriptBuildPhase section */

/* Begin PBXSourcesBuildPhase section */
		48A80FB7220E07680067A593 /* Sources */ = {
			isa = PBXSourcesBuildPhase;
			buildActionMask = 2147483647;
			files = (
				48A810DD220E71830067A593 /* BlasterService.swift in Sources */,
				757DC62A24CF3CFE002FFE52 /* BlastingPlaygroundViewController.swift in Sources */,
				FDE588522486A8F80095B8AA /* Buffer+XP.swift in Sources */,
				75A9289F240599840018C88B /* CaseIterable+AllUniqueRawValues.swift in Sources */,
				48A80FD8220E08040067A593 /* CoapBlockwiseResponseListener.swift in Sources */,
				FDBE5B932628457D00EFAB58 /* HubConnection.swift in Sources */,
				48A8104C220E09090067A593 /* CoapClientService.swift in Sources */,
				48A80FD9220E08040067A593 /* CoapCode.swift in Sources */,
				48A80FDA220E08040067A593 /* CoapEndpoint.swift in Sources */,
				FD6FB79C22A9015F000EFB76 /* CoapGroupRequestFilter.swift in Sources */,
				48A80FDB220E08040067A593 /* CoapMessage.swift in Sources */,
				48A81056220E095D0067A593 /* CoapMessageBuilder.swift in Sources */,
				48A80FDC220E08040067A593 /* CoapMessageOptionParam.swift in Sources */,
				48A80FDD220E08040067A593 /* CoapMessageType.swift in Sources */,
				48A80FDE220E08040067A593 /* CoapOption.swift in Sources */,
				48A80FDF220E08040067A593 /* CoapOutgoingBody.swift in Sources */,
				757DC62824CF3C0D002FFE52 /* CoapPlaygroundViewController.swift in Sources */,
				48A80FE0220E08040067A593 /* CoapRequest.swift in Sources */,
				48A80FE1220E08040067A593 /* CoapRequestBuilder.swift in Sources */,
				48A80FE2220E08040067A593 /* CoapRequestHandler.swift in Sources */,
				48A80FE3220E08040067A593 /* CoapResourceHandler.swift in Sources */,
				48A80FE4220E08040067A593 /* CoapResponseBuilder.swift in Sources */,
				48A80FE5220E08040067A593 /* CoapResponseListener.swift in Sources */,
				48A80FE6220E08040067A593 /* CoapServer+Request.swift in Sources */,
				FDBE5B992628457D00EFAB58 /* Hub+LinkStatusService.swift in Sources */,
				48A80FE7220E08040067A593 /* CoapServer+Response.swift in Sources */,
				48A80FE8220E08040067A593 /* CoapStaticBlockSource.swift in Sources */,
				48A80FE9220E08040067A593 /* CoapStaticMessageBody.swift in Sources */,
				FDBE5B912628457D00EFAB58 /* NodeConnection.swift in Sources */,
				48A8104D220E09090067A593 /* CoapTestService.swift in Sources */,
				FDD7D9C224869F5E00FEE9D0 /* DataSink+XP.swift in Sources */,
				FDE58856248793CB0095B8AA /* DataSinkListener+XP.swift in Sources */,
				FDE5885A2487955B0095B8AA /* DataSource+XP.swift in Sources */,
				FDBE5B922628457D00EFAB58 /* Node.swift in Sources */,
				48A8101D220E085D0067A593 /* DtlsOptions.swift in Sources */,
				48A81035220E08A20067A593 /* DtlsProtocolState.swift in Sources */,
				48A81036220E08A20067A593 /* GattlinkParameters.swift in Sources */,
				FDBE5B8F2628457D00EFAB58 /* Node+NetworkLink.swift in Sources */,
				48A80FD2220E07E40067A593 /* GGAdaptable.swift in Sources */,
				48A80FD3220E07E40067A593 /* GGAdapter.swift in Sources */,
				48A8103E220E08AB0067A593 /* GGBsdDatagramSocket.swift in Sources */,
				AF8F0940224281D300FF5604 /* GGCoapRequestParameters.swift in Sources */,
				48A80FD4220E07E40067A593 /* GGErrorType.swift in Sources */,
				48A80FEB220E08150067A593 /* GGEvent.swift in Sources */,
				48A80FEC220E08150067A593 /* GGEventListener.swift in Sources */,
				48A80FED220E08150067A593 /* GGFourCharCode.swift in Sources */,
				48A8104E220E09090067A593 /* GGPeer.swift in Sources */,
				48A81054220E09120067A593 /* GoldenGateInitializer.swift in Sources */,
				48A8100F220E08410067A593 /* GoldenGateLogger.swift in Sources */,
				48A81055220E09120067A593 /* GoldenGateVersion.swift in Sources */,
				48A8101E220E085D0067A593 /* IpAddress.swift in Sources */,
				751A7A942328FF6800087BFB /* Log+Bindings.swift in Sources */,
				751A7A962328FF7500087BFB /* Log+Bluetooth.swift in Sources */,
				48A81011220E08410067A593 /* Log+Rx.swift in Sources */,
				48A81010220E08410067A593 /* Log.swift in Sources */,
				48A81012220E08410067A593 /* Logger.swift in Sources */,
				FDBE5B982628457D00EFAB58 /* Hub.swift in Sources */,
				48A81013220E08410067A593 /* LogHandler.swift in Sources */,
				48A8103F220E08AB0067A593 /* PerfDataSink.swift in Sources */,
				48A80FEA220E08040067A593 /* RawCoapMessage.swift in Sources */,
				48A81015220E08480067A593 /* RunLoop+Assert.swift in Sources */,
				48A81016220E08480067A593 /* RunLoop+Invocation.swift in Sources */,
				48A81017220E08480067A593 /* RunLoop+Ownership.swift in Sources */,
				48A81018220E08480067A593 /* RunLoop+Rx.swift in Sources */,
				48A81019220E08480067A593 /* RunLoop+Timer.swift in Sources */,
				48A81014220E08480067A593 /* RunLoop.swift in Sources */,
				48A81023220E085D0067A593 /* SecureDatagramClient.swift in Sources */,
				48A81024220E085D0067A593 /* SecureDatagramServer.swift in Sources */,
				48A81053220E09090067A593 /* ServiceDescriptor+GG.swift in Sources */,
				48A81025220E085D0067A593 /* SocketAddress.swift in Sources */,
				FDBE5B942628457D00EFAB58 /* Hub+NetworkLink.swift in Sources */,
				48A81037220E08A20067A593 /* Stack.swift in Sources */,
				48A81038220E08A20067A593 /* StackConfiguration.swift in Sources */,
				75A646C52488E74F00B47E0A /* StackDescriptor+GG.swift in Sources */,
				48A8103A220E08A20067A593 /* StackElementId.swift in Sources */,
				48A8103B220E08A20067A593 /* StackElementType.swift in Sources */,
				48A8103C220E08A20067A593 /* StackPortId.swift in Sources */,
				48A81026220E085D0067A593 /* TlsKeyResolver.swift in Sources */,
				48A80FEE220E08150067A593 /* UnsafeHeapAllocatedValue.swift in Sources */,
				3C63608E26B96AE200FADE5D /* TestScheduler+AdvanceBy.swift in Sources */,
			);
			runOnlyForDeploymentPostprocessing = 0;
		};
		48A80FBF220E07690067A593 /* Sources */ = {
			isa = PBXSourcesBuildPhase;
			buildActionMask = 2147483647;
			files = (
				48A8106D220E0CB60067A593 /* BufferSpec.swift in Sources */,
				48A81060220E0CA30067A593 /* CoapBlockwiseResponseListenerSpec.swift in Sources */,
				48A81061220E0CA30067A593 /* CoapCodeSpec.swift in Sources */,
				48A81062220E0CA30067A593 /* CoapEndpointSpec.swift in Sources */,
				48A81063220E0CA30067A593 /* CoapMessageOptionParamSpec.swift in Sources */,
				48A81064220E0CA30067A593 /* CoapRequestBuilderSpec.swift in Sources */,
				FDBE5C212628494100EFAB58 /* CentralManagerMock.swift in Sources */,
				FDBE5C1D2628493C00EFAB58 /* ServiceMock.swift in Sources */,
				48A81065220E0CA30067A593 /* CoapResponseBuilderSpec.swift in Sources */,
				48A81066220E0CA30067A593 /* CoapResponseListenerSpec.swift in Sources */,
				48A81067220E0CA30067A593 /* CoapStaticBlockSourceSpec.swift in Sources */,
				FDBE5C202628494100EFAB58 /* CharacteristicMock.swift in Sources */,
				48A81068220E0CA30067A593 /* CoapStreamingMessageBodySpec.swift in Sources */,
				FDBE5C222628494100EFAB58 /* PeripheralMock.swift in Sources */,
				48A80FD5220E07EB0067A593 /* GGAdaptableSpec.swift in Sources */,
				48A80FD6220E07EB0067A593 /* GGAdapterSpec.swift in Sources */,
				48A81088220E0D090067A593 /* GGBsdDatagramSocketSpec.swift in Sources */,
				75610D90254B25D8001E2BE5 /* GoldenGateVersionSpec.swift in Sources */,
				FDBE5C252628496200EFAB58 /* HubSpec.swift in Sources */,
				48A80FD7220E07EB0067A593 /* GGErrorTypeSpec.swift in Sources */,
				48A8108A220E0D1E0067A593 /* GoldenGatePrincipalClass.swift in Sources */,
				48A81069220E0CA30067A593 /* RawCoapMessageSpec.swift in Sources */,
				48A81071220E0CBF0067A593 /* RunLoopSpec.swift in Sources */,
				48A81078220E0CCE0067A593 /* SocketAddressSpec.swift in Sources */,
			);
			runOnlyForDeploymentPostprocessing = 0;
		};
/* End PBXSourcesBuildPhase section */

/* Begin PBXTargetDependency section */
		48A80FC6220E07690067A593 /* PBXTargetDependency */ = {
			isa = PBXTargetDependency;
			target = 48A80FBA220E07680067A593 /* GoldenGate */;
			targetProxy = 48A80FC5220E07690067A593 /* PBXContainerItemProxy */;
		};
/* End PBXTargetDependency section */

/* Begin XCBuildConfiguration section */
		48A80FCC220E07690067A593 /* Debug */ = {
			isa = XCBuildConfiguration;
			buildSettings = {
				APPLICATION_EXTENSION_API_ONLY = YES;
				CLANG_CXX_LANGUAGE_STANDARD = "gnu++14";
				CLANG_ENABLE_OBJC_WEAK = YES;
				CLANG_WARN_BLOCK_CAPTURE_AUTORELEASING = YES;
				CLANG_WARN_COMMA = YES;
				CLANG_WARN_DEPRECATED_OBJC_IMPLEMENTATIONS = YES;
				CLANG_WARN_NON_LITERAL_NULL_CONVERSION = YES;
				CLANG_WARN_OBJC_IMPLICIT_RETAIN_SELF = YES;
				CLANG_WARN_OBJC_LITERAL_CONVERSION = YES;
				CLANG_WARN_RANGE_LOOP_ANALYSIS = YES;
				CLANG_WARN_STRICT_PROTOTYPES = YES;
				CLANG_WARN_UNGUARDED_AVAILABILITY = YES_AGGRESSIVE;
				CURRENT_PROJECT_VERSION = 1;
				DEBUG_INFORMATION_FORMAT = "dwarf-with-dsym";
				DEFINES_MODULE = YES;
				DYLIB_COMPATIBILITY_VERSION = 1;
				DYLIB_CURRENT_VERSION = 1;
				DYLIB_INSTALL_NAME_BASE = "@rpath";
				GCC_C_LANGUAGE_STANDARD = gnu11;
				GENERATE_MASTER_OBJECT_FILE = YES;
				INFOPLIST_FILE = GoldenGate/Info.plist;
				LD_RUNPATH_SEARCH_PATHS = " $(inherited) @executable_path/Frameworks @loader_path/Frameworks";
				MTL_ENABLE_DEBUG_INFO = INCLUDE_SOURCE;
				MTL_FAST_MATH = YES;
				PRODUCT_BUNDLE_IDENTIFIER = com.fitbit.GoldenGate;
				PRODUCT_NAME = "$(TARGET_NAME:c99extidentifier)";
				SKIP_INSTALL = YES;
				SUPPORTED_PLATFORMS = "macosx iphonesimulator iphoneos";
				SWIFT_INCLUDE_PATHS = "$(SRCROOT)/../xp/generated/GoldenGateXP";
				TARGETED_DEVICE_FAMILY = "1,2";
				VALIDATE_WORKSPACE = YES;
				VERSIONING_SYSTEM = "apple-generic";
				VERSION_INFO_PREFIX = "";
			};
			name = Debug;
		};
		48A80FCD220E07690067A593 /* Release */ = {
			isa = XCBuildConfiguration;
			buildSettings = {
				APPLICATION_EXTENSION_API_ONLY = YES;
				CLANG_CXX_LANGUAGE_STANDARD = "gnu++14";
				CLANG_ENABLE_OBJC_WEAK = YES;
				CLANG_WARN_BLOCK_CAPTURE_AUTORELEASING = YES;
				CLANG_WARN_COMMA = YES;
				CLANG_WARN_DEPRECATED_OBJC_IMPLEMENTATIONS = YES;
				CLANG_WARN_NON_LITERAL_NULL_CONVERSION = YES;
				CLANG_WARN_OBJC_IMPLICIT_RETAIN_SELF = YES;
				CLANG_WARN_OBJC_LITERAL_CONVERSION = YES;
				CLANG_WARN_RANGE_LOOP_ANALYSIS = YES;
				CLANG_WARN_STRICT_PROTOTYPES = YES;
				CLANG_WARN_UNGUARDED_AVAILABILITY = YES_AGGRESSIVE;
				CURRENT_PROJECT_VERSION = 1;
				DEBUG_INFORMATION_FORMAT = "dwarf-with-dsym";
				DEFINES_MODULE = YES;
				DYLIB_COMPATIBILITY_VERSION = 1;
				DYLIB_CURRENT_VERSION = 1;
				DYLIB_INSTALL_NAME_BASE = "@rpath";
				GCC_C_LANGUAGE_STANDARD = gnu11;
				GENERATE_MASTER_OBJECT_FILE = YES;
				INFOPLIST_FILE = GoldenGate/Info.plist;
				LD_RUNPATH_SEARCH_PATHS = " $(inherited) @executable_path/Frameworks @loader_path/Frameworks";
				MTL_FAST_MATH = YES;
				PRODUCT_BUNDLE_IDENTIFIER = com.fitbit.GoldenGate;
				PRODUCT_NAME = "$(TARGET_NAME:c99extidentifier)";
				SKIP_INSTALL = YES;
				SUPPORTED_PLATFORMS = "macosx iphonesimulator iphoneos";
				SWIFT_INCLUDE_PATHS = "$(SRCROOT)/../xp/generated/GoldenGateXP";
				TARGETED_DEVICE_FAMILY = "1,2";
				VALIDATE_WORKSPACE = YES;
				VERSIONING_SYSTEM = "apple-generic";
				VERSION_INFO_PREFIX = "";
			};
			name = Release;
		};
		48A80FCE220E07690067A593 /* Debug */ = {
			isa = XCBuildConfiguration;
			buildSettings = {
				ALWAYS_EMBED_SWIFT_STANDARD_LIBRARIES = YES;
				CLANG_CXX_LANGUAGE_STANDARD = "gnu++14";
				CLANG_ENABLE_OBJC_WEAK = YES;
				CLANG_WARN_BLOCK_CAPTURE_AUTORELEASING = YES;
				CLANG_WARN_COMMA = YES;
				CLANG_WARN_DEPRECATED_OBJC_IMPLEMENTATIONS = YES;
				CLANG_WARN_NON_LITERAL_NULL_CONVERSION = YES;
				CLANG_WARN_OBJC_IMPLICIT_RETAIN_SELF = YES;
				CLANG_WARN_OBJC_LITERAL_CONVERSION = YES;
				CLANG_WARN_RANGE_LOOP_ANALYSIS = YES;
				CLANG_WARN_STRICT_PROTOTYPES = YES;
				CLANG_WARN_UNGUARDED_AVAILABILITY = YES_AGGRESSIVE;
				DEBUG_INFORMATION_FORMAT = dwarf;
				GCC_C_LANGUAGE_STANDARD = gnu11;
				INFOPLIST_FILE = GoldenGateTests/Info.plist;
				LD_RUNPATH_SEARCH_PATHS = "$(inherited) @executable_path/Frameworks @loader_path/Frameworks";
				"LD_RUNPATH_SEARCH_PATHS[sdk=macosx*]" = "$(inherited) @executable_path/../Frameworks @loader_path/../Frameworks";
				MTL_ENABLE_DEBUG_INFO = INCLUDE_SOURCE;
				MTL_FAST_MATH = YES;
				PRODUCT_BUNDLE_IDENTIFIER = com.fitbit.GoldenGateTests;
				PRODUCT_NAME = "$(TARGET_NAME)";
				SUPPORTED_PLATFORMS = "macosx iphonesimulator iphoneos";
				TARGETED_DEVICE_FAMILY = "1,2";
			};
			name = Debug;
		};
		48A80FCF220E07690067A593 /* Release */ = {
			isa = XCBuildConfiguration;
			buildSettings = {
				ALWAYS_EMBED_SWIFT_STANDARD_LIBRARIES = YES;
				CLANG_CXX_LANGUAGE_STANDARD = "gnu++14";
				CLANG_ENABLE_OBJC_WEAK = YES;
				CLANG_WARN_BLOCK_CAPTURE_AUTORELEASING = YES;
				CLANG_WARN_COMMA = YES;
				CLANG_WARN_DEPRECATED_OBJC_IMPLEMENTATIONS = YES;
				CLANG_WARN_NON_LITERAL_NULL_CONVERSION = YES;
				CLANG_WARN_OBJC_IMPLICIT_RETAIN_SELF = YES;
				CLANG_WARN_OBJC_LITERAL_CONVERSION = YES;
				CLANG_WARN_RANGE_LOOP_ANALYSIS = YES;
				CLANG_WARN_STRICT_PROTOTYPES = YES;
				CLANG_WARN_UNGUARDED_AVAILABILITY = YES_AGGRESSIVE;
				DEBUG_INFORMATION_FORMAT = "dwarf-with-dsym";
				GCC_C_LANGUAGE_STANDARD = gnu11;
				INFOPLIST_FILE = GoldenGateTests/Info.plist;
				LD_RUNPATH_SEARCH_PATHS = "$(inherited) @executable_path/Frameworks @loader_path/Frameworks";
				"LD_RUNPATH_SEARCH_PATHS[sdk=macosx*]" = "$(inherited) @executable_path/../Frameworks @loader_path/../Frameworks";
				MTL_FAST_MATH = YES;
				PRODUCT_BUNDLE_IDENTIFIER = com.fitbit.GoldenGateTests;
				PRODUCT_NAME = "$(TARGET_NAME)";
				SUPPORTED_PLATFORMS = "macosx iphonesimulator iphoneos";
				TARGETED_DEVICE_FAMILY = "1,2";
			};
			name = Release;
		};
		BFCB99091F7542B800F979B8 /* Debug */ = {
			isa = XCBuildConfiguration;
			buildSettings = {
				ALWAYS_SEARCH_USER_PATHS = NO;
				CLANG_ANALYZER_LOCALIZABILITY_NONLOCALIZED = YES;
				CLANG_ANALYZER_NONNULL = YES;
				CLANG_ANALYZER_NUMBER_OBJECT_CONVERSION = YES_AGGRESSIVE;
				CLANG_CXX_LANGUAGE_STANDARD = "gnu++0x";
				CLANG_CXX_LIBRARY = "libc++";
				CLANG_ENABLE_MODULES = YES;
				CLANG_ENABLE_OBJC_ARC = YES;
				CLANG_WARN_BLOCK_CAPTURE_AUTORELEASING = YES;
				CLANG_WARN_BOOL_CONVERSION = YES;
				CLANG_WARN_COMMA = YES;
				CLANG_WARN_CONSTANT_CONVERSION = YES;
				CLANG_WARN_DEPRECATED_OBJC_IMPLEMENTATIONS = YES;
				CLANG_WARN_DIRECT_OBJC_ISA_USAGE = YES_ERROR;
				CLANG_WARN_DOCUMENTATION_COMMENTS = YES;
				CLANG_WARN_EMPTY_BODY = YES;
				CLANG_WARN_ENUM_CONVERSION = YES;
				CLANG_WARN_INFINITE_RECURSION = YES;
				CLANG_WARN_INT_CONVERSION = YES;
				CLANG_WARN_NON_LITERAL_NULL_CONVERSION = YES;
				CLANG_WARN_OBJC_IMPLICIT_RETAIN_SELF = YES;
				CLANG_WARN_OBJC_LITERAL_CONVERSION = YES;
				CLANG_WARN_OBJC_ROOT_CLASS = YES_ERROR;
				CLANG_WARN_RANGE_LOOP_ANALYSIS = YES;
				CLANG_WARN_STRICT_PROTOTYPES = YES;
				CLANG_WARN_SUSPICIOUS_MOVE = YES;
				CLANG_WARN_UNREACHABLE_CODE = YES;
				CLANG_WARN__DUPLICATE_METHOD_MATCH = YES;
				COPY_PHASE_STRIP = NO;
				ENABLE_STRICT_OBJC_MSGSEND = YES;
				ENABLE_TESTABILITY = YES;
				FRAMEWORK_SEARCH_PATHS = ../../../Carthage/Build/iOS;
				"FRAMEWORK_SEARCH_PATHS[sdk=macosx*]" = ../../../Carthage/Build/Mac;
				GCC_C_LANGUAGE_STANDARD = gnu99;
				GCC_DYNAMIC_NO_PIC = NO;
				GCC_NO_COMMON_BLOCKS = YES;
				GCC_OPTIMIZATION_LEVEL = 0;
				GCC_PREPROCESSOR_DEFINITIONS = (
					"DEBUG=1",
					"$(inherited)",
				);
				GCC_WARN_64_TO_32_BIT_CONVERSION = YES;
				GCC_WARN_ABOUT_RETURN_TYPE = YES_ERROR;
				GCC_WARN_UNDECLARED_SELECTOR = YES;
				GCC_WARN_UNINITIALIZED_AUTOS = YES_AGGRESSIVE;
				GCC_WARN_UNUSED_FUNCTION = YES;
				GCC_WARN_UNUSED_VARIABLE = YES;
				IPHONEOS_DEPLOYMENT_TARGET = 10.0;
				MACOSX_DEPLOYMENT_TARGET = 10.13;
				MTL_ENABLE_DEBUG_INFO = YES;
				ONLY_ACTIVE_ARCH = YES;
				SWIFT_ACTIVE_COMPILATION_CONDITIONS = DEBUG;
				SWIFT_OPTIMIZATION_LEVEL = "-Onone";
				SWIFT_VERSION = 5.0;
				TARGETED_DEVICE_FAMILY = "1,2";
			};
			name = Debug;
		};
		BFCB990A1F7542B800F979B8 /* Release */ = {
			isa = XCBuildConfiguration;
			buildSettings = {
				ALWAYS_SEARCH_USER_PATHS = NO;
				CLANG_ANALYZER_LOCALIZABILITY_NONLOCALIZED = YES;
				CLANG_ANALYZER_NONNULL = YES;
				CLANG_ANALYZER_NUMBER_OBJECT_CONVERSION = YES_AGGRESSIVE;
				CLANG_CXX_LANGUAGE_STANDARD = "gnu++0x";
				CLANG_CXX_LIBRARY = "libc++";
				CLANG_ENABLE_MODULES = YES;
				CLANG_ENABLE_OBJC_ARC = YES;
				CLANG_WARN_BLOCK_CAPTURE_AUTORELEASING = YES;
				CLANG_WARN_BOOL_CONVERSION = YES;
				CLANG_WARN_COMMA = YES;
				CLANG_WARN_CONSTANT_CONVERSION = YES;
				CLANG_WARN_DEPRECATED_OBJC_IMPLEMENTATIONS = YES;
				CLANG_WARN_DIRECT_OBJC_ISA_USAGE = YES_ERROR;
				CLANG_WARN_DOCUMENTATION_COMMENTS = YES;
				CLANG_WARN_EMPTY_BODY = YES;
				CLANG_WARN_ENUM_CONVERSION = YES;
				CLANG_WARN_INFINITE_RECURSION = YES;
				CLANG_WARN_INT_CONVERSION = YES;
				CLANG_WARN_NON_LITERAL_NULL_CONVERSION = YES;
				CLANG_WARN_OBJC_IMPLICIT_RETAIN_SELF = YES;
				CLANG_WARN_OBJC_LITERAL_CONVERSION = YES;
				CLANG_WARN_OBJC_ROOT_CLASS = YES_ERROR;
				CLANG_WARN_RANGE_LOOP_ANALYSIS = YES;
				CLANG_WARN_STRICT_PROTOTYPES = YES;
				CLANG_WARN_SUSPICIOUS_MOVE = YES;
				CLANG_WARN_UNREACHABLE_CODE = YES;
				CLANG_WARN__DUPLICATE_METHOD_MATCH = YES;
				COPY_PHASE_STRIP = NO;
				ENABLE_NS_ASSERTIONS = NO;
				ENABLE_STRICT_OBJC_MSGSEND = YES;
				FRAMEWORK_SEARCH_PATHS = ../../../Carthage/Build/iOS;
				"FRAMEWORK_SEARCH_PATHS[sdk=macosx*]" = ../../../Carthage/Build/Mac;
				GCC_C_LANGUAGE_STANDARD = gnu99;
				GCC_NO_COMMON_BLOCKS = YES;
				GCC_WARN_64_TO_32_BIT_CONVERSION = YES;
				GCC_WARN_ABOUT_RETURN_TYPE = YES_ERROR;
				GCC_WARN_UNDECLARED_SELECTOR = YES;
				GCC_WARN_UNINITIALIZED_AUTOS = YES_AGGRESSIVE;
				GCC_WARN_UNUSED_FUNCTION = YES;
				GCC_WARN_UNUSED_VARIABLE = YES;
				IPHONEOS_DEPLOYMENT_TARGET = 10.0;
				MACOSX_DEPLOYMENT_TARGET = 10.13;
				MTL_ENABLE_DEBUG_INFO = NO;
				SWIFT_OPTIMIZATION_LEVEL = "-Owholemodule";
				SWIFT_VERSION = 5.0;
				TARGETED_DEVICE_FAMILY = "1,2";
				VALIDATE_PRODUCT = YES;
			};
			name = Release;
		};
/* End XCBuildConfiguration section */

/* Begin XCConfigurationList section */
		48A80FD0220E07690067A593 /* Build configuration list for PBXNativeTarget "GoldenGate" */ = {
			isa = XCConfigurationList;
			buildConfigurations = (
				48A80FCC220E07690067A593 /* Debug */,
				48A80FCD220E07690067A593 /* Release */,
			);
			defaultConfigurationIsVisible = 0;
			defaultConfigurationName = Release;
		};
		48A80FD1220E07690067A593 /* Build configuration list for PBXNativeTarget "GoldenGateTests" */ = {
			isa = XCConfigurationList;
			buildConfigurations = (
				48A80FCE220E07690067A593 /* Debug */,
				48A80FCF220E07690067A593 /* Release */,
			);
			defaultConfigurationIsVisible = 0;
			defaultConfigurationName = Release;
		};
		BFCB98E91F7542B800F979B8 /* Build configuration list for PBXProject "GoldenGate" */ = {
			isa = XCConfigurationList;
			buildConfigurations = (
				BFCB99091F7542B800F979B8 /* Debug */,
				BFCB990A1F7542B800F979B8 /* Release */,
			);
			defaultConfigurationIsVisible = 0;
			defaultConfigurationName = Release;
		};
/* End XCConfigurationList section */
	};
	rootObject = BFCB98E61F7542B800F979B8 /* Project object */;
}
